// !$*UTF8*$!
{
	archiveVersion = 1;
	classes = {
	};
	objectVersion = 52;
	objects = {

/* Begin PBXBuildFile section */
		CE0061C624C33D49000F66CD /* MenuViewController.swift in Sources */ = {isa = PBXBuildFile; fileRef = CE0061C524C33D49000F66CD /* MenuViewController.swift */; };
		CE0061C824C33D72000F66CD /* MenuScreen.storyboard in Resources */ = {isa = PBXBuildFile; fileRef = CE0061C724C33D72000F66CD /* MenuScreen.storyboard */; };
		CE0FA58424E95A5E00814A82 /* extensionsView.swift in Sources */ = {isa = PBXBuildFile; fileRef = CE0FA58324E95A5E00814A82 /* extensionsView.swift */; };
		CE0FA58624E967DE00814A82 /* extensionsDate.swift in Sources */ = {isa = PBXBuildFile; fileRef = CE0FA58524E967DE00814A82 /* extensionsDate.swift */; };
		CE13B83F24F00BB800CF41FC /* MainScreenViewModel.swift in Sources */ = {isa = PBXBuildFile; fileRef = CE13B83E24F00BB800CF41FC /* MainScreenViewModel.swift */; };
		CE13B84124F0228200CF41FC /* CategoryScreenViewModel.swift in Sources */ = {isa = PBXBuildFile; fileRef = CE13B84024F0228200CF41FC /* CategoryScreenViewModel.swift */; };
		CE238ADC24F11578001DA10E /* ClothesScreenViewModel.swift in Sources */ = {isa = PBXBuildFile; fileRef = CE238ADB24F11578001DA10E /* ClothesScreenViewModel.swift */; };
		CE238ADF24F117FF001DA10E /* SocialNetwork.swift in Sources */ = {isa = PBXBuildFile; fileRef = CE238ADE24F117FF001DA10E /* SocialNetwork.swift */; };
		CE238AE024F120FF001DA10E /* facebookLogo.png in Resources */ = {isa = PBXBuildFile; fileRef = CED23E3F24EC2F720056472E /* facebookLogo.png */; };
		CE238AE124F120FF001DA10E /* vkLogo.png in Resources */ = {isa = PBXBuildFile; fileRef = CED23E4024EC2F720056472E /* vkLogo.png */; };
		CE238AE224F120FF001DA10E /* yandexLogo.png in Resources */ = {isa = PBXBuildFile; fileRef = CED23E4124EC2F720056472E /* yandexLogo.png */; };
		CE39E84424BA95C400060239 /* AppDelegate.swift in Sources */ = {isa = PBXBuildFile; fileRef = CE39E84324BA95C400060239 /* AppDelegate.swift */; };
		CE39E84B24BA95C400060239 /* Main.storyboard in Resources */ = {isa = PBXBuildFile; fileRef = CE39E84924BA95C400060239 /* Main.storyboard */; };
		CE39E84E24BA95C400060239 /* Clothing_Tags.xcdatamodeld in Sources */ = {isa = PBXBuildFile; fileRef = CE39E84C24BA95C400060239 /* Clothing_Tags.xcdatamodeld */; };
		CE39E85024BA95CC00060239 /* Assets.xcassets in Resources */ = {isa = PBXBuildFile; fileRef = CE39E84F24BA95CC00060239 /* Assets.xcassets */; };
		CE39E85324BA95CC00060239 /* LaunchScreen.storyboard in Resources */ = {isa = PBXBuildFile; fileRef = CE39E85124BA95CC00060239 /* LaunchScreen.storyboard */; };
		CE39E85E24BA95CD00060239 /* Clothing_TagsTests.swift in Sources */ = {isa = PBXBuildFile; fileRef = CE39E85D24BA95CD00060239 /* Clothing_TagsTests.swift */; };
		CE414B7624D448F6009FC4E8 /* CategoryScreenViewController.swift in Sources */ = {isa = PBXBuildFile; fileRef = CE414B7524D448F6009FC4E8 /* CategoryScreenViewController.swift */; };
		CE43E5F724D2F3370001D4DB /* MainScreenCell.swift in Sources */ = {isa = PBXBuildFile; fileRef = CE43E5F624D2F3370001D4DB /* MainScreenCell.swift */; };
		CE570C3624EC3FDF00003C9C /* add.png in Resources */ = {isa = PBXBuildFile; fileRef = CED23E3624EC2F720056472E /* add.png */; };
		CE570C3724EC3FDF00003C9C /* allert.png in Resources */ = {isa = PBXBuildFile; fileRef = CED23E3724EC2F720056472E /* allert.png */; };
		CE570C3824EC3FDF00003C9C /* iconInApp.png in Resources */ = {isa = PBXBuildFile; fileRef = CED23E3824EC2F720056472E /* iconInApp.png */; };
		CE570C3924EC3FDF00003C9C /* listClothes.png in Resources */ = {isa = PBXBuildFile; fileRef = CED23E3924EC2F720056472E /* listClothes.png */; };
		CE570C3A24EC3FDF00003C9C /* menu.png in Resources */ = {isa = PBXBuildFile; fileRef = CED23E3A24EC2F720056472E /* menu.png */; };
		CE570C3B24EC3FDF00003C9C /* tags.png in Resources */ = {isa = PBXBuildFile; fileRef = CED23E3B24EC2F720056472E /* tags.png */; };
		CE570C3C24EC3FDF00003C9C /* delete.png in Resources */ = {isa = PBXBuildFile; fileRef = CED23E3C24EC2F720056472E /* delete.png */; };
		CE570C3D24EC3FDF00003C9C /* camera.png in Resources */ = {isa = PBXBuildFile; fileRef = CED23E3D24EC2F720056472E /* camera.png */; };
		CE571D7D24DD77DF0071AB22 /* PhotoScreenViewController.swift in Sources */ = {isa = PBXBuildFile; fileRef = CE571D7C24DD77DF0071AB22 /* PhotoScreenViewController.swift */; };
		CE571D7F24DDA19F0071AB22 /* ScreenPhotosCell.swift in Sources */ = {isa = PBXBuildFile; fileRef = CE571D7E24DDA19F0071AB22 /* ScreenPhotosCell.swift */; };
		CE67AA2924D864F900502A79 /* ClothesScreenViewController.swift in Sources */ = {isa = PBXBuildFile; fileRef = CE67AA2824D864F900502A79 /* ClothesScreenViewController.swift */; };
		CE67AA2B24D8658000502A79 /* TagDescriptionCell.swift in Sources */ = {isa = PBXBuildFile; fileRef = CE67AA2A24D8658000502A79 /* TagDescriptionCell.swift */; };
		CE67B45A24EE92BC00DD958B /* TagsCollectionViewModel.swift in Sources */ = {isa = PBXBuildFile; fileRef = CE67B45924EE92BC00DD958B /* TagsCollectionViewModel.swift */; };
		CE6FB5B024E57C260016B86B /* TagChooseScreenController.swift in Sources */ = {isa = PBXBuildFile; fileRef = CE6FB5AF24E57C260016B86B /* TagChooseScreenController.swift */; };
		CE758D5C24EFEB3300A064BC /* TagChooseScreenViewModel.swift in Sources */ = {isa = PBXBuildFile; fileRef = CE758D5B24EFEB3300A064BC /* TagChooseScreenViewModel.swift */; };
		CE80300D24D5B5CD00F16D22 /* ClothesScreen.storyboard in Resources */ = {isa = PBXBuildFile; fileRef = CE80300C24D5B5CD00F16D22 /* ClothesScreen.storyboard */; };
		CE89F10F24C2074E00A2ABBE /* RxSwift in Frameworks */ = {isa = PBXBuildFile; productRef = CE89F10E24C2074E00A2ABBE /* RxSwift */; };
		CE89F11124C2074E00A2ABBE /* RxCocoa in Frameworks */ = {isa = PBXBuildFile; productRef = CE89F11024C2074E00A2ABBE /* RxCocoa */; };
		CE8A67E024D3304E00D654DC /* MenuScreenCell.swift in Sources */ = {isa = PBXBuildFile; fileRef = CE8A67DF24D3304E00D654DC /* MenuScreenCell.swift */; };
		CE90070724BCD405004D9BC6 /* loadingMenu.jpg in Resources */ = {isa = PBXBuildFile; fileRef = CE90070124BCD1E6004D9BC6 /* loadingMenu.jpg */; };
		CE90C8ED24DBBE90004E8E94 /* AboutApplicationScreen.storyboard in Resources */ = {isa = PBXBuildFile; fileRef = CE90C8EC24DBBE90004E8E94 /* AboutApplicationScreen.storyboard */; };
		CE90C8F024DBD123004E8E94 /* TagsCollectionScreen.storyboard in Resources */ = {isa = PBXBuildFile; fileRef = CE90C8EF24DBD123004E8E94 /* TagsCollectionScreen.storyboard */; };
		CE90C8F324DBD5E7004E8E94 /* ReminderScreen.storyboard in Resources */ = {isa = PBXBuildFile; fileRef = CE90C8F224DBD5E6004E8E94 /* ReminderScreen.storyboard */; };
		CE90C8F524DBDFC8004E8E94 /* BaseSettings.swift in Sources */ = {isa = PBXBuildFile; fileRef = CE90C8F424DBDFC8004E8E94 /* BaseSettings.swift */; };
		CE958E4F24EED0A600CF4AF1 /* PhotoScreenViewModel.swift in Sources */ = {isa = PBXBuildFile; fileRef = CE958E4E24EED0A600CF4AF1 /* PhotoScreenViewModel.swift */; };
		CE96270A24E588C2006CD1F8 /* ScreenTagChooseCell.swift in Sources */ = {isa = PBXBuildFile; fileRef = CE96270924E588C2006CD1F8 /* ScreenTagChooseCell.swift */; };
		CE96271024E698DE006CD1F8 /* Differentiator in Frameworks */ = {isa = PBXBuildFile; productRef = CE96270F24E698DE006CD1F8 /* Differentiator */; };
		CE96271224E698DE006CD1F8 /* RxDataSources in Frameworks */ = {isa = PBXBuildFile; productRef = CE96271124E698DE006CD1F8 /* RxDataSources */; };
		CE96271424E6A9C1006CD1F8 /* HeaderStickersCollection.swift in Sources */ = {isa = PBXBuildFile; fileRef = CE96271324E6A9C1006CD1F8 /* HeaderStickersCollection.swift */; };
		CEA2BC6424D99AAB002C5FD5 /* PhotoScreen.storyboard in Resources */ = {isa = PBXBuildFile; fileRef = CEA2BC6324D99AAB002C5FD5 /* PhotoScreen.storyboard */; };
		CEA2BC6824D99AFF002C5FD5 /* NameCategoryScreen.storyboard in Resources */ = {isa = PBXBuildFile; fileRef = CEA2BC6724D99AFF002C5FD5 /* NameCategoryScreen.storyboard */; };
		CEA2BC6A24D99B47002C5FD5 /* TagChooseScreen.storyboard in Resources */ = {isa = PBXBuildFile; fileRef = CEA2BC6924D99B47002C5FD5 /* TagChooseScreen.storyboard */; };
		CEA2BC7224D9C7F5002C5FD5 /* extensionsViewController.swift in Sources */ = {isa = PBXBuildFile; fileRef = CEA2BC7124D9C7F5002C5FD5 /* extensionsViewController.swift */; };
		CEA2BC7424D9C82D002C5FD5 /* extensionsImage.swift in Sources */ = {isa = PBXBuildFile; fileRef = CEA2BC7324D9C82D002C5FD5 /* extensionsImage.swift */; };
		CEA8582324EFDAEC008401E0 /* NameCategoryViewModel.swift in Sources */ = {isa = PBXBuildFile; fileRef = CEA8582224EFDAEC008401E0 /* NameCategoryViewModel.swift */; };
		CEAE938624BF3A0600A47DAA /* SplashScreenViewController.swift in Sources */ = {isa = PBXBuildFile; fileRef = CEAE938524BF3A0600A47DAA /* SplashScreenViewController.swift */; };
		CEAE938824BF5AF200A47DAA /* RootViewController.swift in Sources */ = {isa = PBXBuildFile; fileRef = CEAE938724BF5AF200A47DAA /* RootViewController.swift */; };
		CEAE938A24BF5F8700A47DAA /* SplashScreen.storyboard in Resources */ = {isa = PBXBuildFile; fileRef = CEAE938924BF5F8700A47DAA /* SplashScreen.storyboard */; };
		CEAE938E24BF63B800A47DAA /* MainScreenViewController.swift in Sources */ = {isa = PBXBuildFile; fileRef = CEAE938D24BF63B800A47DAA /* MainScreenViewController.swift */; };
		CEAE939024BF7FEC00A47DAA /* MainScreen.storyboard in Resources */ = {isa = PBXBuildFile; fileRef = CEAE938F24BF7FEC00A47DAA /* MainScreen.storyboard */; };
		CEC4183424C226D400ECA02E /* bosaNova.ttf in Resources */ = {isa = PBXBuildFile; fileRef = CEC4183324C226D400ECA02E /* bosaNova.ttf */; };
		CEC4183524C22FE400ECA02E /* bosaNova.ttf in Resources */ = {isa = PBXBuildFile; fileRef = CEC4183324C226D400ECA02E /* bosaNova.ttf */; };
		CED23E0124EAC5C90056472E /* CoreDataConfiguration.swift in Sources */ = {isa = PBXBuildFile; fileRef = CED23E0024EAC5C90056472E /* CoreDataConfiguration.swift */; };
		CED23E1624EACD0A0056472E /* Clothes.swift in Sources */ = {isa = PBXBuildFile; fileRef = CED23E1024EACD0A0056472E /* Clothes.swift */; };
		CED23E1824EACD0A0056472E /* Category.swift in Sources */ = {isa = PBXBuildFile; fileRef = CED23E1224EACD0A0056472E /* Category.swift */; };
		CED23E1A24EACD0A0056472E /* Sticker.swift in Sources */ = {isa = PBXBuildFile; fileRef = CED23E1424EACD0A0056472E /* Sticker.swift */; };
		CED23E2C24EC2E790056472E /* Источники информации in Resources */ = {isa = PBXBuildFile; fileRef = CED23E2824EC2E780056472E /* Источники информации */; };
		CED23E2D24EC2E790056472E /* Подготовка.txt in Resources */ = {isa = PBXBuildFile; fileRef = CED23E2924EC2E780056472E /* Подготовка.txt */; };
		CED23E2E24EC2E790056472E /* initApplicationDB.sqlite in Resources */ = {isa = PBXBuildFile; fileRef = CED23E2A24EC2E780056472E /* initApplicationDB.sqlite */; };
		CED23E2F24EC2E790056472E /* dlf.pt-home-symbol-png-512258.png in Resources */ = {isa = PBXBuildFile; fileRef = CED23E2B24EC2E780056472E /* dlf.pt-home-symbol-png-512258.png */; };
		CED23E4424EC321A0056472E /* CoreDataInitialization.swift in Sources */ = {isa = PBXBuildFile; fileRef = CED23E4324EC321A0056472E /* CoreDataInitialization.swift */; };
		CED23E4724EC32950056472E /* SQLite in Frameworks */ = {isa = PBXBuildFile; productRef = CED23E4624EC32950056472E /* SQLite */; };
		CED23E4924EC34100056472E /* usefulFunctions.swift in Sources */ = {isa = PBXBuildFile; fileRef = CED23E4824EC34100056472E /* usefulFunctions.swift */; };
		CEE13E0E24DF17DA00FF3BB0 /* blueBorder.png in Resources */ = {isa = PBXBuildFile; fileRef = CEE13E0D24DF17DA00FF3BB0 /* blueBorder.png */; };
		CEE3626A24D4341800848279 /* CategoryScreen.storyboard in Resources */ = {isa = PBXBuildFile; fileRef = CEE3626924D4341800848279 /* CategoryScreen.storyboard */; };
		CEE3626C24D4358000848279 /* CategoryScreenCell.swift in Sources */ = {isa = PBXBuildFile; fileRef = CEE3626B24D4358000848279 /* CategoryScreenCell.swift */; };
		CEE3626E24D43CFF00848279 /* TagCategoryCell.swift in Sources */ = {isa = PBXBuildFile; fileRef = CEE3626D24D43CFF00848279 /* TagCategoryCell.swift */; };
		CEE93BA424E7E3930063305A /* AboutApplicationScreenController.swift in Sources */ = {isa = PBXBuildFile; fileRef = CEE93BA324E7E3930063305A /* AboutApplicationScreenController.swift */; };
		CEE93BA624E7EDCC0063305A /* TagsCollectionController.swift in Sources */ = {isa = PBXBuildFile; fileRef = CEE93BA524E7EDCC0063305A /* TagsCollectionController.swift */; };
		CEE93BA924E7F8BA0063305A /* TagDescriptionGalleryCell.swift in Sources */ = {isa = PBXBuildFile; fileRef = CEE93BA824E7F8BA0063305A /* TagDescriptionGalleryCell.swift */; };
		CEE93BAB24E809D50063305A /* extensionsColor.swift in Sources */ = {isa = PBXBuildFile; fileRef = CEE93BAA24E809D50063305A /* extensionsColor.swift */; };
		CEE93BAD24E81F810063305A /* ReminderScreenController.swift in Sources */ = {isa = PBXBuildFile; fileRef = CEE93BAC24E81F810063305A /* ReminderScreenController.swift */; };
		CEE93BB024E821810063305A /* ReminderTableCell.swift in Sources */ = {isa = PBXBuildFile; fileRef = CEE93BAF24E821810063305A /* ReminderTableCell.swift */; };
		CEEA1DD924E2B5A200FD6CBA /* ClothesInformation.swift in Sources */ = {isa = PBXBuildFile; fileRef = CEEA1DD824E2B5A200FD6CBA /* ClothesInformation.swift */; };
		CEEA1DDB24E2DAC800FD6CBA /* NameCategoryScreenController.swift in Sources */ = {isa = PBXBuildFile; fileRef = CEEA1DDA24E2DAC800FD6CBA /* NameCategoryScreenController.swift */; };
/* End PBXBuildFile section */

/* Begin PBXContainerItemProxy section */
		CE39E85A24BA95CD00060239 /* PBXContainerItemProxy */ = {
			isa = PBXContainerItemProxy;
			containerPortal = CE39E83824BA95C400060239 /* Project object */;
			proxyType = 1;
			remoteGlobalIDString = CE39E83F24BA95C400060239;
			remoteInfo = "Clothing Tags";
		};
/* End PBXContainerItemProxy section */

/* Begin PBXFileReference section */
		CE0061C524C33D49000F66CD /* MenuViewController.swift */ = {isa = PBXFileReference; lastKnownFileType = sourcecode.swift; path = MenuViewController.swift; sourceTree = "<group>"; };
		CE0061C724C33D72000F66CD /* MenuScreen.storyboard */ = {isa = PBXFileReference; lastKnownFileType = file.storyboard; path = MenuScreen.storyboard; sourceTree = "<group>"; };
		CE0FA58324E95A5E00814A82 /* extensionsView.swift */ = {isa = PBXFileReference; lastKnownFileType = sourcecode.swift; path = extensionsView.swift; sourceTree = "<group>"; };
		CE0FA58524E967DE00814A82 /* extensionsDate.swift */ = {isa = PBXFileReference; lastKnownFileType = sourcecode.swift; path = extensionsDate.swift; sourceTree = "<group>"; };
		CE13B83E24F00BB800CF41FC /* MainScreenViewModel.swift */ = {isa = PBXFileReference; lastKnownFileType = sourcecode.swift; path = MainScreenViewModel.swift; sourceTree = "<group>"; };
		CE13B84024F0228200CF41FC /* CategoryScreenViewModel.swift */ = {isa = PBXFileReference; lastKnownFileType = sourcecode.swift; path = CategoryScreenViewModel.swift; sourceTree = "<group>"; };
		CE238ADB24F11578001DA10E /* ClothesScreenViewModel.swift */ = {isa = PBXFileReference; lastKnownFileType = sourcecode.swift; path = ClothesScreenViewModel.swift; sourceTree = "<group>"; };
		CE238ADE24F117FF001DA10E /* SocialNetwork.swift */ = {isa = PBXFileReference; lastKnownFileType = sourcecode.swift; path = SocialNetwork.swift; sourceTree = "<group>"; };
		CE39E84024BA95C400060239 /* Clothing Tags.app */ = {isa = PBXFileReference; explicitFileType = wrapper.application; includeInIndex = 0; path = "Clothing Tags.app"; sourceTree = BUILT_PRODUCTS_DIR; };
		CE39E84324BA95C400060239 /* AppDelegate.swift */ = {isa = PBXFileReference; lastKnownFileType = sourcecode.swift; path = AppDelegate.swift; sourceTree = "<group>"; };
		CE39E84A24BA95C400060239 /* Base */ = {isa = PBXFileReference; lastKnownFileType = file.storyboard; name = Base; path = Base.lproj/Main.storyboard; sourceTree = "<group>"; };
		CE39E84D24BA95C400060239 /* Clothing_Tags.xcdatamodel */ = {isa = PBXFileReference; lastKnownFileType = wrapper.xcdatamodel; path = Clothing_Tags.xcdatamodel; sourceTree = "<group>"; };
		CE39E84F24BA95CC00060239 /* Assets.xcassets */ = {isa = PBXFileReference; lastKnownFileType = folder.assetcatalog; path = Assets.xcassets; sourceTree = "<group>"; };
		CE39E85224BA95CC00060239 /* Base */ = {isa = PBXFileReference; lastKnownFileType = file.storyboard; name = Base; path = Base.lproj/LaunchScreen.storyboard; sourceTree = "<group>"; };
		CE39E85424BA95CC00060239 /* Info.plist */ = {isa = PBXFileReference; lastKnownFileType = text.plist.xml; path = Info.plist; sourceTree = "<group>"; };
		CE39E85924BA95CD00060239 /* Clothing TagsTests.xctest */ = {isa = PBXFileReference; explicitFileType = wrapper.cfbundle; includeInIndex = 0; path = "Clothing TagsTests.xctest"; sourceTree = BUILT_PRODUCTS_DIR; };
		CE39E85D24BA95CD00060239 /* Clothing_TagsTests.swift */ = {isa = PBXFileReference; lastKnownFileType = sourcecode.swift; path = Clothing_TagsTests.swift; sourceTree = "<group>"; };
		CE39E85F24BA95CD00060239 /* Info.plist */ = {isa = PBXFileReference; lastKnownFileType = text.plist.xml; path = Info.plist; sourceTree = "<group>"; };
		CE414B7524D448F6009FC4E8 /* CategoryScreenViewController.swift */ = {isa = PBXFileReference; lastKnownFileType = sourcecode.swift; path = CategoryScreenViewController.swift; sourceTree = "<group>"; };
		CE43E5F624D2F3370001D4DB /* MainScreenCell.swift */ = {isa = PBXFileReference; lastKnownFileType = sourcecode.swift; path = MainScreenCell.swift; sourceTree = "<group>"; };
		CE571D7C24DD77DF0071AB22 /* PhotoScreenViewController.swift */ = {isa = PBXFileReference; lastKnownFileType = sourcecode.swift; name = PhotoScreenViewController.swift; path = "Clothing Tags/ViewControllers/Add Controllers/PhotoScreenViewController.swift"; sourceTree = SOURCE_ROOT; };
		CE571D7E24DDA19F0071AB22 /* ScreenPhotosCell.swift */ = {isa = PBXFileReference; lastKnownFileType = sourcecode.swift; path = ScreenPhotosCell.swift; sourceTree = "<group>"; };
		CE67AA2824D864F900502A79 /* ClothesScreenViewController.swift */ = {isa = PBXFileReference; lastKnownFileType = sourcecode.swift; path = ClothesScreenViewController.swift; sourceTree = "<group>"; };
		CE67AA2A24D8658000502A79 /* TagDescriptionCell.swift */ = {isa = PBXFileReference; lastKnownFileType = sourcecode.swift; path = TagDescriptionCell.swift; sourceTree = "<group>"; };
		CE67B45924EE92BC00DD958B /* TagsCollectionViewModel.swift */ = {isa = PBXFileReference; lastKnownFileType = sourcecode.swift; path = TagsCollectionViewModel.swift; sourceTree = "<group>"; };
		CE6FB5AF24E57C260016B86B /* TagChooseScreenController.swift */ = {isa = PBXFileReference; lastKnownFileType = sourcecode.swift; path = TagChooseScreenController.swift; sourceTree = "<group>"; };
		CE758D5B24EFEB3300A064BC /* TagChooseScreenViewModel.swift */ = {isa = PBXFileReference; lastKnownFileType = sourcecode.swift; path = TagChooseScreenViewModel.swift; sourceTree = "<group>"; };
		CE80300C24D5B5CD00F16D22 /* ClothesScreen.storyboard */ = {isa = PBXFileReference; lastKnownFileType = file.storyboard; path = ClothesScreen.storyboard; sourceTree = "<group>"; };
		CE8A67DF24D3304E00D654DC /* MenuScreenCell.swift */ = {isa = PBXFileReference; lastKnownFileType = sourcecode.swift; path = MenuScreenCell.swift; sourceTree = "<group>"; };
		CE90070124BCD1E6004D9BC6 /* loadingMenu.jpg */ = {isa = PBXFileReference; lastKnownFileType = image.jpeg; path = loadingMenu.jpg; sourceTree = "<group>"; };
		CE90C8EC24DBBE90004E8E94 /* AboutApplicationScreen.storyboard */ = {isa = PBXFileReference; lastKnownFileType = file.storyboard; path = AboutApplicationScreen.storyboard; sourceTree = "<group>"; };
		CE90C8EF24DBD123004E8E94 /* TagsCollectionScreen.storyboard */ = {isa = PBXFileReference; lastKnownFileType = file.storyboard; path = TagsCollectionScreen.storyboard; sourceTree = "<group>"; };
		CE90C8F224DBD5E6004E8E94 /* ReminderScreen.storyboard */ = {isa = PBXFileReference; lastKnownFileType = file.storyboard; path = ReminderScreen.storyboard; sourceTree = "<group>"; };
		CE90C8F424DBDFC8004E8E94 /* BaseSettings.swift */ = {isa = PBXFileReference; lastKnownFileType = sourcecode.swift; path = BaseSettings.swift; sourceTree = "<group>"; };
		CE958E4E24EED0A600CF4AF1 /* PhotoScreenViewModel.swift */ = {isa = PBXFileReference; lastKnownFileType = sourcecode.swift; path = PhotoScreenViewModel.swift; sourceTree = "<group>"; };
		CE96270924E588C2006CD1F8 /* ScreenTagChooseCell.swift */ = {isa = PBXFileReference; lastKnownFileType = sourcecode.swift; path = ScreenTagChooseCell.swift; sourceTree = "<group>"; };
		CE96271324E6A9C1006CD1F8 /* HeaderStickersCollection.swift */ = {isa = PBXFileReference; lastKnownFileType = sourcecode.swift; path = HeaderStickersCollection.swift; sourceTree = "<group>"; };
		CEA2BC6324D99AAB002C5FD5 /* PhotoScreen.storyboard */ = {isa = PBXFileReference; lastKnownFileType = file.storyboard; path = PhotoScreen.storyboard; sourceTree = "<group>"; };
		CEA2BC6724D99AFF002C5FD5 /* NameCategoryScreen.storyboard */ = {isa = PBXFileReference; lastKnownFileType = file.storyboard; path = NameCategoryScreen.storyboard; sourceTree = "<group>"; };
		CEA2BC6924D99B47002C5FD5 /* TagChooseScreen.storyboard */ = {isa = PBXFileReference; lastKnownFileType = file.storyboard; path = TagChooseScreen.storyboard; sourceTree = "<group>"; };
		CEA2BC7124D9C7F5002C5FD5 /* extensionsViewController.swift */ = {isa = PBXFileReference; lastKnownFileType = sourcecode.swift; path = extensionsViewController.swift; sourceTree = "<group>"; };
		CEA2BC7324D9C82D002C5FD5 /* extensionsImage.swift */ = {isa = PBXFileReference; lastKnownFileType = sourcecode.swift; path = extensionsImage.swift; sourceTree = "<group>"; };
		CEA8582224EFDAEC008401E0 /* NameCategoryViewModel.swift */ = {isa = PBXFileReference; lastKnownFileType = sourcecode.swift; path = NameCategoryViewModel.swift; sourceTree = "<group>"; };
		CEAE938524BF3A0600A47DAA /* SplashScreenViewController.swift */ = {isa = PBXFileReference; lastKnownFileType = sourcecode.swift; path = SplashScreenViewController.swift; sourceTree = "<group>"; };
		CEAE938724BF5AF200A47DAA /* RootViewController.swift */ = {isa = PBXFileReference; lastKnownFileType = sourcecode.swift; path = RootViewController.swift; sourceTree = "<group>"; };
		CEAE938924BF5F8700A47DAA /* SplashScreen.storyboard */ = {isa = PBXFileReference; lastKnownFileType = file.storyboard; path = SplashScreen.storyboard; sourceTree = "<group>"; };
		CEAE938D24BF63B800A47DAA /* MainScreenViewController.swift */ = {isa = PBXFileReference; lastKnownFileType = sourcecode.swift; path = MainScreenViewController.swift; sourceTree = "<group>"; };
		CEAE938F24BF7FEC00A47DAA /* MainScreen.storyboard */ = {isa = PBXFileReference; lastKnownFileType = file.storyboard; path = MainScreen.storyboard; sourceTree = "<group>"; };
		CEC4183324C226D400ECA02E /* bosaNova.ttf */ = {isa = PBXFileReference; lastKnownFileType = file; path = bosaNova.ttf; sourceTree = "<group>"; };
		CED23E0024EAC5C90056472E /* CoreDataConfiguration.swift */ = {isa = PBXFileReference; lastKnownFileType = sourcecode.swift; path = CoreDataConfiguration.swift; sourceTree = "<group>"; };
		CED23E1024EACD0A0056472E /* Clothes.swift */ = {isa = PBXFileReference; lastKnownFileType = sourcecode.swift; path = Clothes.swift; sourceTree = "<group>"; };
		CED23E1224EACD0A0056472E /* Category.swift */ = {isa = PBXFileReference; lastKnownFileType = sourcecode.swift; path = Category.swift; sourceTree = "<group>"; };
		CED23E1424EACD0A0056472E /* Sticker.swift */ = {isa = PBXFileReference; lastKnownFileType = sourcecode.swift; path = Sticker.swift; sourceTree = "<group>"; };
		CED23E2824EC2E780056472E /* Источники информации */ = {isa = PBXFileReference; fileEncoding = 4; lastKnownFileType = text; path = "Источники информации"; sourceTree = "<group>"; };
		CED23E2924EC2E780056472E /* Подготовка.txt */ = {isa = PBXFileReference; fileEncoding = 4; lastKnownFileType = text; path = "Подготовка.txt"; sourceTree = "<group>"; };
		CED23E2A24EC2E780056472E /* initApplicationDB.sqlite */ = {isa = PBXFileReference; lastKnownFileType = file; path = initApplicationDB.sqlite; sourceTree = "<group>"; };
		CED23E2B24EC2E780056472E /* dlf.pt-home-symbol-png-512258.png */ = {isa = PBXFileReference; lastKnownFileType = image.png; path = "dlf.pt-home-symbol-png-512258.png"; sourceTree = "<group>"; };
		CED23E3624EC2F720056472E /* add.png */ = {isa = PBXFileReference; lastKnownFileType = image.png; path = add.png; sourceTree = "<group>"; };
		CED23E3724EC2F720056472E /* allert.png */ = {isa = PBXFileReference; lastKnownFileType = image.png; path = allert.png; sourceTree = "<group>"; };
		CED23E3824EC2F720056472E /* iconInApp.png */ = {isa = PBXFileReference; lastKnownFileType = image.png; path = iconInApp.png; sourceTree = "<group>"; };
		CED23E3924EC2F720056472E /* listClothes.png */ = {isa = PBXFileReference; lastKnownFileType = image.png; path = listClothes.png; sourceTree = "<group>"; };
		CED23E3A24EC2F720056472E /* menu.png */ = {isa = PBXFileReference; lastKnownFileType = image.png; path = menu.png; sourceTree = "<group>"; };
		CED23E3B24EC2F720056472E /* tags.png */ = {isa = PBXFileReference; lastKnownFileType = image.png; path = tags.png; sourceTree = "<group>"; };
		CED23E3C24EC2F720056472E /* delete.png */ = {isa = PBXFileReference; lastKnownFileType = image.png; path = delete.png; sourceTree = "<group>"; };
		CED23E3D24EC2F720056472E /* camera.png */ = {isa = PBXFileReference; lastKnownFileType = image.png; path = camera.png; sourceTree = "<group>"; };
		CED23E3F24EC2F720056472E /* facebookLogo.png */ = {isa = PBXFileReference; lastKnownFileType = image.png; path = facebookLogo.png; sourceTree = "<group>"; };
		CED23E4024EC2F720056472E /* vkLogo.png */ = {isa = PBXFileReference; lastKnownFileType = image.png; path = vkLogo.png; sourceTree = "<group>"; };
		CED23E4124EC2F720056472E /* yandexLogo.png */ = {isa = PBXFileReference; lastKnownFileType = image.png; path = yandexLogo.png; sourceTree = "<group>"; };
		CED23E4324EC321A0056472E /* CoreDataInitialization.swift */ = {isa = PBXFileReference; lastKnownFileType = sourcecode.swift; name = CoreDataInitialization.swift; path = "/Users/user/Documents/GitHub/Clothing Tags/Clothing Tags/Model/CoreDataInitialization.swift"; sourceTree = "<absolute>"; };
		CED23E4824EC34100056472E /* usefulFunctions.swift */ = {isa = PBXFileReference; lastKnownFileType = sourcecode.swift; name = usefulFunctions.swift; path = "/Users/user/Documents/GitHub/Clothing Tags/Clothing Tags/Utils/usefulFunctions.swift"; sourceTree = "<absolute>"; };
		CEE13E0D24DF17DA00FF3BB0 /* blueBorder.png */ = {isa = PBXFileReference; lastKnownFileType = image.png; path = blueBorder.png; sourceTree = "<group>"; };
		CEE3626924D4341800848279 /* CategoryScreen.storyboard */ = {isa = PBXFileReference; lastKnownFileType = file.storyboard; path = CategoryScreen.storyboard; sourceTree = "<group>"; };
		CEE3626B24D4358000848279 /* CategoryScreenCell.swift */ = {isa = PBXFileReference; lastKnownFileType = sourcecode.swift; path = CategoryScreenCell.swift; sourceTree = "<group>"; };
		CEE3626D24D43CFF00848279 /* TagCategoryCell.swift */ = {isa = PBXFileReference; lastKnownFileType = sourcecode.swift; path = TagCategoryCell.swift; sourceTree = "<group>"; };
		CEE93BA324E7E3930063305A /* AboutApplicationScreenController.swift */ = {isa = PBXFileReference; lastKnownFileType = sourcecode.swift; path = AboutApplicationScreenController.swift; sourceTree = "<group>"; };
		CEE93BA524E7EDCC0063305A /* TagsCollectionController.swift */ = {isa = PBXFileReference; lastKnownFileType = sourcecode.swift; path = TagsCollectionController.swift; sourceTree = "<group>"; };
		CEE93BA824E7F8BA0063305A /* TagDescriptionGalleryCell.swift */ = {isa = PBXFileReference; lastKnownFileType = sourcecode.swift; path = TagDescriptionGalleryCell.swift; sourceTree = "<group>"; };
		CEE93BAA24E809D50063305A /* extensionsColor.swift */ = {isa = PBXFileReference; lastKnownFileType = sourcecode.swift; path = extensionsColor.swift; sourceTree = "<group>"; };
		CEE93BAC24E81F810063305A /* ReminderScreenController.swift */ = {isa = PBXFileReference; lastKnownFileType = sourcecode.swift; path = ReminderScreenController.swift; sourceTree = "<group>"; };
		CEE93BAF24E821810063305A /* ReminderTableCell.swift */ = {isa = PBXFileReference; lastKnownFileType = sourcecode.swift; path = ReminderTableCell.swift; sourceTree = "<group>"; };
		CEEA1DD824E2B5A200FD6CBA /* ClothesInformation.swift */ = {isa = PBXFileReference; lastKnownFileType = sourcecode.swift; path = ClothesInformation.swift; sourceTree = "<group>"; };
		CEEA1DDA24E2DAC800FD6CBA /* NameCategoryScreenController.swift */ = {isa = PBXFileReference; lastKnownFileType = sourcecode.swift; path = NameCategoryScreenController.swift; sourceTree = "<group>"; };
/* End PBXFileReference section */

/* Begin PBXFrameworksBuildPhase section */
		CE39E83D24BA95C400060239 /* Frameworks */ = {
			isa = PBXFrameworksBuildPhase;
			buildActionMask = 2147483647;
			files = (
				CED23E4724EC32950056472E /* SQLite in Frameworks */,
				CE89F11124C2074E00A2ABBE /* RxCocoa in Frameworks */,
				CE96271224E698DE006CD1F8 /* RxDataSources in Frameworks */,
				CE96271024E698DE006CD1F8 /* Differentiator in Frameworks */,
				CE89F10F24C2074E00A2ABBE /* RxSwift in Frameworks */,
			);
			runOnlyForDeploymentPostprocessing = 0;
		};
		CE39E85624BA95CD00060239 /* Frameworks */ = {
			isa = PBXFrameworksBuildPhase;
			buildActionMask = 2147483647;
			files = (
			);
			runOnlyForDeploymentPostprocessing = 0;
		};
/* End PBXFrameworksBuildPhase section */

/* Begin PBXGroup section */
		CE13B83D24F00AB200CF41FC /* ClothesControllersViewModel */ = {
			isa = PBXGroup;
			children = (
				CE13B83E24F00BB800CF41FC /* MainScreenViewModel.swift */,
				CE13B84024F0228200CF41FC /* CategoryScreenViewModel.swift */,
				CE238ADB24F11578001DA10E /* ClothesScreenViewModel.swift */,
			);
			path = ClothesControllersViewModel;
			sourceTree = "<group>";
		};
		CE39E83724BA95C400060239 = {
			isa = PBXGroup;
			children = (
				CE90070424BCD233004D9BC6 /* Images */,
				CE39E84224BA95C400060239 /* Clothing Tags */,
				CED23E2724EC2E780056472E /* Preparation */,
				CE39E85C24BA95CD00060239 /* Clothing Tags Tests */,
				CE39E84124BA95C400060239 /* Products */,
			);
			sourceTree = "<group>";
		};
		CE39E84124BA95C400060239 /* Products */ = {
			isa = PBXGroup;
			children = (
				CE39E84024BA95C400060239 /* Clothing Tags.app */,
				CE39E85924BA95CD00060239 /* Clothing TagsTests.xctest */,
			);
			name = Products;
			sourceTree = "<group>";
		};
		CE39E84224BA95C400060239 /* Clothing Tags */ = {
			isa = PBXGroup;
			children = (
				CEA2BC7024D9C7A8002C5FD5 /* Utils */,
				CEC4183024C2263500ECA02E /* Fonts */,
				CEA9138924C1E4DD00CCA7E7 /* Model */,
				CEA9138824C1E4BA00CCA7E7 /* ViewModels */,
				CEAE938224BF34B600A47DAA /* Storyboards */,
				CEAE938124BF25C300A47DAA /* ViewControllers */,
				CE39E84324BA95C400060239 /* AppDelegate.swift */,
				CE39E84F24BA95CC00060239 /* Assets.xcassets */,
				CE39E85424BA95CC00060239 /* Info.plist */,
			);
			path = "Clothing Tags";
			sourceTree = "<group>";
		};
		CE39E85C24BA95CD00060239 /* Clothing Tags Tests */ = {
			isa = PBXGroup;
			children = (
				CE39E85D24BA95CD00060239 /* Clothing_TagsTests.swift */,
				CE39E85F24BA95CD00060239 /* Info.plist */,
			);
			path = "Clothing Tags Tests";
			sourceTree = "<group>";
		};
		CE43E5F524D2F3000001D4DB /* Cells */ = {
			isa = PBXGroup;
			children = (
				CE571D8124DDA1DE0071AB22 /* Main Cells */,
				CE571D8024DDA1AA0071AB22 /* Add Cells */,
				CEE93BAE24E8208A0063305A /* Reminder Cells */,
				CEE93BA724E7F8740063305A /* Gallery Cells */,
				CE8A67DF24D3304E00D654DC /* MenuScreenCell.swift */,
			);
			path = Cells;
			sourceTree = "<group>";
		};
		CE571D8024DDA1AA0071AB22 /* Add Cells */ = {
			isa = PBXGroup;
			children = (
				CE571D7E24DDA19F0071AB22 /* ScreenPhotosCell.swift */,
				CE96270924E588C2006CD1F8 /* ScreenTagChooseCell.swift */,
				CE96271324E6A9C1006CD1F8 /* HeaderStickersCollection.swift */,
			);
			path = "Add Cells";
			sourceTree = "<group>";
		};
		CE571D8124DDA1DE0071AB22 /* Main Cells */ = {
			isa = PBXGroup;
			children = (
				CE43E5F624D2F3370001D4DB /* MainScreenCell.swift */,
				CEE3626B24D4358000848279 /* CategoryScreenCell.swift */,
				CEE3626D24D43CFF00848279 /* TagCategoryCell.swift */,
				CE67AA2A24D8658000502A79 /* TagDescriptionCell.swift */,
			);
			path = "Main Cells";
			sourceTree = "<group>";
		};
		CE67AA2C24D866CC00502A79 /* Clothes Controllers */ = {
			isa = PBXGroup;
			children = (
				CEAE938D24BF63B800A47DAA /* MainScreenViewController.swift */,
				CE414B7524D448F6009FC4E8 /* CategoryScreenViewController.swift */,
				CE67AA2824D864F900502A79 /* ClothesScreenViewController.swift */,
			);
			path = "Clothes Controllers";
			sourceTree = "<group>";
		};
		CE67AA2D24D8673400502A79 /* Clothes Storyboards */ = {
			isa = PBXGroup;
			children = (
				CEAE938F24BF7FEC00A47DAA /* MainScreen.storyboard */,
				CEE3626924D4341800848279 /* CategoryScreen.storyboard */,
				CE80300C24D5B5CD00F16D22 /* ClothesScreen.storyboard */,
			);
			path = "Clothes Storyboards";
			sourceTree = "<group>";
		};
		CE67B45824EE928E00DD958B /* TagCollectionViewModel */ = {
			isa = PBXGroup;
			children = (
				CE67B45924EE92BC00DD958B /* TagsCollectionViewModel.swift */,
			);
			path = TagCollectionViewModel;
			sourceTree = "<group>";
		};
		CE90070424BCD233004D9BC6 /* Images */ = {
			isa = PBXGroup;
			children = (
				CED23E3E24EC2F720056472E /* badges */,
				CED23E4224EC2F720056472E /* socialNetworks */,
				CEE13E0D24DF17DA00FF3BB0 /* blueBorder.png */,
				CE90070124BCD1E6004D9BC6 /* loadingMenu.jpg */,
			);
			path = Images;
			sourceTree = "<group>";
		};
		CE90C8EB24DBBE1C004E8E94 /* About Application Storyboard */ = {
			isa = PBXGroup;
			children = (
				CE90C8EC24DBBE90004E8E94 /* AboutApplicationScreen.storyboard */,
			);
			path = "About Application Storyboard";
			sourceTree = "<group>";
		};
		CE90C8EE24DBD0BA004E8E94 /* Tags Collection Storyboard */ = {
			isa = PBXGroup;
			children = (
				CE90C8EF24DBD123004E8E94 /* TagsCollectionScreen.storyboard */,
			);
			path = "Tags Collection Storyboard";
			sourceTree = "<group>";
		};
		CE90C8F124DBD53C004E8E94 /* Reminder Storyboards */ = {
			isa = PBXGroup;
			children = (
				CE90C8F224DBD5E6004E8E94 /* ReminderScreen.storyboard */,
			);
			path = "Reminder Storyboards";
			sourceTree = "<group>";
		};
		CE90C8F624DBE0E3004E8E94 /* Reminder Controllers */ = {
			isa = PBXGroup;
			children = (
				CEE93BAC24E81F810063305A /* ReminderScreenController.swift */,
			);
			path = "Reminder Controllers";
			sourceTree = "<group>";
		};
		CE90C8F724DBE130004E8E94 /* Tags Collection Controllers */ = {
			isa = PBXGroup;
			children = (
				CEE93BA524E7EDCC0063305A /* TagsCollectionController.swift */,
			);
			path = "Tags Collection Controllers";
			sourceTree = "<group>";
		};
		CE958E4D24EECF9200CF4AF1 /* AddControllersViewModel */ = {
			isa = PBXGroup;
			children = (
				CE958E4E24EED0A600CF4AF1 /* PhotoScreenViewModel.swift */,
				CEA8582224EFDAEC008401E0 /* NameCategoryViewModel.swift */,
				CE758D5B24EFEB3300A064BC /* TagChooseScreenViewModel.swift */,
			);
			path = AddControllersViewModel;
			sourceTree = "<group>";
		};
		CEA2BC6224D99A54002C5FD5 /* Add Storyboards */ = {
			isa = PBXGroup;
			children = (
				CEA2BC6324D99AAB002C5FD5 /* PhotoScreen.storyboard */,
				CEA2BC6724D99AFF002C5FD5 /* NameCategoryScreen.storyboard */,
				CEA2BC6924D99B47002C5FD5 /* TagChooseScreen.storyboard */,
			);
			path = "Add Storyboards";
			sourceTree = "<group>";
		};
		CEA2BC6B24D99B79002C5FD5 /* Add Controllers */ = {
			isa = PBXGroup;
			children = (
				CE571D7C24DD77DF0071AB22 /* PhotoScreenViewController.swift */,
				CEEA1DDA24E2DAC800FD6CBA /* NameCategoryScreenController.swift */,
				CE6FB5AF24E57C260016B86B /* TagChooseScreenController.swift */,
			);
			path = "Add Controllers";
			sourceTree = "<group>";
		};
		CEA2BC7024D9C7A8002C5FD5 /* Utils */ = {
			isa = PBXGroup;
			children = (
				CEA2BC7124D9C7F5002C5FD5 /* extensionsViewController.swift */,
				CE0FA58324E95A5E00814A82 /* extensionsView.swift */,
				CEA2BC7324D9C82D002C5FD5 /* extensionsImage.swift */,
				CEE93BAA24E809D50063305A /* extensionsColor.swift */,
				CE0FA58524E967DE00814A82 /* extensionsDate.swift */,
				CE90C8F424DBDFC8004E8E94 /* BaseSettings.swift */,
				CED23E4824EC34100056472E /* usefulFunctions.swift */,
			);
			path = Utils;
			sourceTree = "<group>";
		};
		CEA9138824C1E4BA00CCA7E7 /* ViewModels */ = {
			isa = PBXGroup;
			children = (
				CE13B83D24F00AB200CF41FC /* ClothesControllersViewModel */,
				CE958E4D24EECF9200CF4AF1 /* AddControllersViewModel */,
				CE67B45824EE928E00DD958B /* TagCollectionViewModel */,
			);
			path = ViewModels;
			sourceTree = "<group>";
		};
		CEA9138924C1E4DD00CCA7E7 /* Model */ = {
			isa = PBXGroup;
			children = (
				CE39E84C24BA95C400060239 /* Clothing_Tags.xcdatamodeld */,
				CED23E0024EAC5C90056472E /* CoreDataConfiguration.swift */,
				CED23E4324EC321A0056472E /* CoreDataInitialization.swift */,
				CED23E1024EACD0A0056472E /* Clothes.swift */,
				CED23E1224EACD0A0056472E /* Category.swift */,
				CED23E1424EACD0A0056472E /* Sticker.swift */,
				CE238ADE24F117FF001DA10E /* SocialNetwork.swift */,
				CEEA1DD824E2B5A200FD6CBA /* ClothesInformation.swift */,
			);
			path = Model;
			sourceTree = "<group>";
		};
		CEAE938124BF25C300A47DAA /* ViewControllers */ = {
			isa = PBXGroup;
			children = (
				CE43E5F524D2F3000001D4DB /* Cells */,
				CEAE938524BF3A0600A47DAA /* SplashScreenViewController.swift */,
				CEAE938724BF5AF200A47DAA /* RootViewController.swift */,
				CE0061C524C33D49000F66CD /* MenuViewController.swift */,
				CE67AA2C24D866CC00502A79 /* Clothes Controllers */,
				CEA2BC6B24D99B79002C5FD5 /* Add Controllers */,
				CE90C8F624DBE0E3004E8E94 /* Reminder Controllers */,
				CE90C8F724DBE130004E8E94 /* Tags Collection Controllers */,
				CEE93BA224E7E3210063305A /* About Application Controller */,
			);
			path = ViewControllers;
			sourceTree = "<group>";
		};
		CEAE938224BF34B600A47DAA /* Storyboards */ = {
			isa = PBXGroup;
			children = (
				CE39E85124BA95CC00060239 /* LaunchScreen.storyboard */,
				CEAE938924BF5F8700A47DAA /* SplashScreen.storyboard */,
				CE0061C724C33D72000F66CD /* MenuScreen.storyboard */,
				CE67AA2D24D8673400502A79 /* Clothes Storyboards */,
				CEA2BC6224D99A54002C5FD5 /* Add Storyboards */,
				CE90C8F124DBD53C004E8E94 /* Reminder Storyboards */,
				CE90C8EE24DBD0BA004E8E94 /* Tags Collection Storyboard */,
				CE90C8EB24DBBE1C004E8E94 /* About Application Storyboard */,
				CE39E84924BA95C400060239 /* Main.storyboard */,
			);
			path = Storyboards;
			sourceTree = "<group>";
		};
		CEC4183024C2263500ECA02E /* Fonts */ = {
			isa = PBXGroup;
			children = (
				CEC4183324C226D400ECA02E /* bosaNova.ttf */,
			);
			path = Fonts;
			sourceTree = "<group>";
		};
		CED23E2724EC2E780056472E /* Preparation */ = {
			isa = PBXGroup;
			children = (
				CED23E2824EC2E780056472E /* Источники информации */,
				CED23E2924EC2E780056472E /* Подготовка.txt */,
				CED23E2A24EC2E780056472E /* initApplicationDB.sqlite */,
				CED23E2B24EC2E780056472E /* dlf.pt-home-symbol-png-512258.png */,
			);
			path = Preparation;
			sourceTree = "<group>";
		};
		CED23E3E24EC2F720056472E /* badges */ = {
			isa = PBXGroup;
			children = (
				CED23E3624EC2F720056472E /* add.png */,
				CED23E3724EC2F720056472E /* allert.png */,
				CED23E3824EC2F720056472E /* iconInApp.png */,
				CED23E3924EC2F720056472E /* listClothes.png */,
				CED23E3A24EC2F720056472E /* menu.png */,
				CED23E3B24EC2F720056472E /* tags.png */,
				CED23E3C24EC2F720056472E /* delete.png */,
				CED23E3D24EC2F720056472E /* camera.png */,
			);
			name = badges;
			path = "/Users/user/Documents/GitHub/Clothing Tags/Images/badges";
			sourceTree = "<absolute>";
		};
		CED23E4224EC2F720056472E /* socialNetworks */ = {
			isa = PBXGroup;
			children = (
				CED23E3F24EC2F720056472E /* facebookLogo.png */,
				CED23E4024EC2F720056472E /* vkLogo.png */,
				CED23E4124EC2F720056472E /* yandexLogo.png */,
			);
			name = socialNetworks;
			path = "/Users/user/Documents/GitHub/Clothing Tags/Images/socialNetworks";
			sourceTree = "<absolute>";
		};
		CEE93BA224E7E3210063305A /* About Application Controller */ = {
			isa = PBXGroup;
			children = (
				CEE93BA324E7E3930063305A /* AboutApplicationScreenController.swift */,
			);
			path = "About Application Controller";
			sourceTree = "<group>";
		};
		CEE93BA724E7F8740063305A /* Gallery Cells */ = {
			isa = PBXGroup;
			children = (
				CEE93BA824E7F8BA0063305A /* TagDescriptionGalleryCell.swift */,
			);
			path = "Gallery Cells";
			sourceTree = "<group>";
		};
		CEE93BAE24E8208A0063305A /* Reminder Cells */ = {
			isa = PBXGroup;
			children = (
				CEE93BAF24E821810063305A /* ReminderTableCell.swift */,
			);
			path = "Reminder Cells";
			sourceTree = "<group>";
		};
/* End PBXGroup section */

/* Begin PBXNativeTarget section */
		CE39E83F24BA95C400060239 /* Clothing Tags */ = {
			isa = PBXNativeTarget;
			buildConfigurationList = CE39E86224BA95CD00060239 /* Build configuration list for PBXNativeTarget "Clothing Tags" */;
			buildPhases = (
				CE39E83C24BA95C400060239 /* Sources */,
				CE39E83D24BA95C400060239 /* Frameworks */,
				CE39E83E24BA95C400060239 /* Resources */,
			);
			buildRules = (
			);
			dependencies = (
			);
			name = "Clothing Tags";
			packageProductDependencies = (
				CE89F10E24C2074E00A2ABBE /* RxSwift */,
				CE89F11024C2074E00A2ABBE /* RxCocoa */,
				CE96270F24E698DE006CD1F8 /* Differentiator */,
				CE96271124E698DE006CD1F8 /* RxDataSources */,
				CED23E4624EC32950056472E /* SQLite */,
			);
			productName = "Clothing Tags";
			productReference = CE39E84024BA95C400060239 /* Clothing Tags.app */;
			productType = "com.apple.product-type.application";
		};
		CE39E85824BA95CD00060239 /* Clothing TagsTests */ = {
			isa = PBXNativeTarget;
			buildConfigurationList = CE39E86524BA95CD00060239 /* Build configuration list for PBXNativeTarget "Clothing TagsTests" */;
			buildPhases = (
				CE39E85524BA95CD00060239 /* Sources */,
				CE39E85624BA95CD00060239 /* Frameworks */,
				CE39E85724BA95CD00060239 /* Resources */,
			);
			buildRules = (
			);
			dependencies = (
				CE39E85B24BA95CD00060239 /* PBXTargetDependency */,
			);
			name = "Clothing TagsTests";
			productName = "Clothing TagsTests";
			productReference = CE39E85924BA95CD00060239 /* Clothing TagsTests.xctest */;
			productType = "com.apple.product-type.bundle.unit-test";
		};
/* End PBXNativeTarget section */

/* Begin PBXProject section */
		CE39E83824BA95C400060239 /* Project object */ = {
			isa = PBXProject;
			attributes = {
				LastSwiftUpdateCheck = 1140;
				LastUpgradeCheck = 1140;
				ORGANIZATIONNAME = "Alexey Taran";
				TargetAttributes = {
					CE39E83F24BA95C400060239 = {
						CreatedOnToolsVersion = 11.4;
					};
					CE39E85824BA95CD00060239 = {
						CreatedOnToolsVersion = 11.4;
						TestTargetID = CE39E83F24BA95C400060239;
					};
				};
			};
			buildConfigurationList = CE39E83B24BA95C400060239 /* Build configuration list for PBXProject "Clothing Tags" */;
			compatibilityVersion = "Xcode 9.3";
			developmentRegion = en;
			hasScannedForEncodings = 0;
			knownRegions = (
				en,
				Base,
			);
			mainGroup = CE39E83724BA95C400060239;
			packageReferences = (
				CE89F10D24C2074E00A2ABBE /* XCRemoteSwiftPackageReference "RxSwift" */,
				CE96270E24E698DE006CD1F8 /* XCRemoteSwiftPackageReference "RxDataSources" */,
				CED23E4524EC32950056472E /* XCRemoteSwiftPackageReference "SQLite" */,
			);
			productRefGroup = CE39E84124BA95C400060239 /* Products */;
			projectDirPath = "";
			projectRoot = "";
			targets = (
				CE39E83F24BA95C400060239 /* Clothing Tags */,
				CE39E85824BA95CD00060239 /* Clothing TagsTests */,
			);
		};
/* End PBXProject section */

/* Begin PBXResourcesBuildPhase section */
		CE39E83E24BA95C400060239 /* Resources */ = {
			isa = PBXResourcesBuildPhase;
			buildActionMask = 2147483647;
			files = (
				CE238AE024F120FF001DA10E /* facebookLogo.png in Resources */,
				CE238AE124F120FF001DA10E /* vkLogo.png in Resources */,
				CE238AE224F120FF001DA10E /* yandexLogo.png in Resources */,
				CE570C3624EC3FDF00003C9C /* add.png in Resources */,
				CE570C3724EC3FDF00003C9C /* allert.png in Resources */,
				CE570C3824EC3FDF00003C9C /* iconInApp.png in Resources */,
				CE570C3924EC3FDF00003C9C /* listClothes.png in Resources */,
				CE570C3A24EC3FDF00003C9C /* menu.png in Resources */,
				CE570C3B24EC3FDF00003C9C /* tags.png in Resources */,
				CE570C3C24EC3FDF00003C9C /* delete.png in Resources */,
				CE570C3D24EC3FDF00003C9C /* camera.png in Resources */,
				CE90070724BCD405004D9BC6 /* loadingMenu.jpg in Resources */,
				CE80300D24D5B5CD00F16D22 /* ClothesScreen.storyboard in Resources */,
				CEE13E0E24DF17DA00FF3BB0 /* blueBorder.png in Resources */,
				CE90C8F324DBD5E7004E8E94 /* ReminderScreen.storyboard in Resources */,
				CE90C8ED24DBBE90004E8E94 /* AboutApplicationScreen.storyboard in Resources */,
				CE0061C824C33D72000F66CD /* MenuScreen.storyboard in Resources */,
				CEA2BC6824D99AFF002C5FD5 /* NameCategoryScreen.storyboard in Resources */,
				CED23E2D24EC2E790056472E /* Подготовка.txt in Resources */,
				CED23E2F24EC2E790056472E /* dlf.pt-home-symbol-png-512258.png in Resources */,
				CE39E85324BA95CC00060239 /* LaunchScreen.storyboard in Resources */,
				CEC4183424C226D400ECA02E /* bosaNova.ttf in Resources */,
				CE90C8F024DBD123004E8E94 /* TagsCollectionScreen.storyboard in Resources */,
				CED23E2C24EC2E790056472E /* Источники информации in Resources */,
				CE39E85024BA95CC00060239 /* Assets.xcassets in Resources */,
				CEE3626A24D4341800848279 /* CategoryScreen.storyboard in Resources */,
				CED23E2E24EC2E790056472E /* initApplicationDB.sqlite in Resources */,
				CEA2BC6A24D99B47002C5FD5 /* TagChooseScreen.storyboard in Resources */,
				CEAE938A24BF5F8700A47DAA /* SplashScreen.storyboard in Resources */,
				CE39E84B24BA95C400060239 /* Main.storyboard in Resources */,
				CEAE939024BF7FEC00A47DAA /* MainScreen.storyboard in Resources */,
				CEA2BC6424D99AAB002C5FD5 /* PhotoScreen.storyboard in Resources */,
			);
			runOnlyForDeploymentPostprocessing = 0;
		};
		CE39E85724BA95CD00060239 /* Resources */ = {
			isa = PBXResourcesBuildPhase;
			buildActionMask = 2147483647;
			files = (
				CEC4183524C22FE400ECA02E /* bosaNova.ttf in Resources */,
			);
			runOnlyForDeploymentPostprocessing = 0;
		};
/* End PBXResourcesBuildPhase section */

/* Begin PBXSourcesBuildPhase section */
		CE39E83C24BA95C400060239 /* Sources */ = {
			isa = PBXSourcesBuildPhase;
			buildActionMask = 2147483647;
			files = (
				CEE93BA924E7F8BA0063305A /* TagDescriptionGalleryCell.swift in Sources */,
				CE571D7F24DDA19F0071AB22 /* ScreenPhotosCell.swift in Sources */,
				CED23E0124EAC5C90056472E /* CoreDataConfiguration.swift in Sources */,
				CE13B84124F0228200CF41FC /* CategoryScreenViewModel.swift in Sources */,
				CEA2BC7224D9C7F5002C5FD5 /* extensionsViewController.swift in Sources */,
				CEE93BAD24E81F810063305A /* ReminderScreenController.swift in Sources */,
				CEAE938E24BF63B800A47DAA /* MainScreenViewController.swift in Sources */,
				CEA2BC7424D9C82D002C5FD5 /* extensionsImage.swift in Sources */,
				CE8A67E024D3304E00D654DC /* MenuScreenCell.swift in Sources */,
				CEE93BAB24E809D50063305A /* extensionsColor.swift in Sources */,
				CE6FB5B024E57C260016B86B /* TagChooseScreenController.swift in Sources */,
				CE0061C624C33D49000F66CD /* MenuViewController.swift in Sources */,
				CEE3626C24D4358000848279 /* CategoryScreenCell.swift in Sources */,
				CE96270A24E588C2006CD1F8 /* ScreenTagChooseCell.swift in Sources */,
				CE39E84E24BA95C400060239 /* Clothing_Tags.xcdatamodeld in Sources */,
				CE67B45A24EE92BC00DD958B /* TagsCollectionViewModel.swift in Sources */,
				CEEA1DDB24E2DAC800FD6CBA /* NameCategoryScreenController.swift in Sources */,
				CE958E4F24EED0A600CF4AF1 /* PhotoScreenViewModel.swift in Sources */,
				CE39E84424BA95C400060239 /* AppDelegate.swift in Sources */,
				CE0FA58624E967DE00814A82 /* extensionsDate.swift in Sources */,
				CED23E4424EC321A0056472E /* CoreDataInitialization.swift in Sources */,
				CEE93BB024E821810063305A /* ReminderTableCell.swift in Sources */,
				CE0FA58424E95A5E00814A82 /* extensionsView.swift in Sources */,
				CEE3626E24D43CFF00848279 /* TagCategoryCell.swift in Sources */,
				CED23E1A24EACD0A0056472E /* Sticker.swift in Sources */,
				CE238ADC24F11578001DA10E /* ClothesScreenViewModel.swift in Sources */,
				CE90C8F524DBDFC8004E8E94 /* BaseSettings.swift in Sources */,
				CE571D7D24DD77DF0071AB22 /* PhotoScreenViewController.swift in Sources */,
				CED23E1824EACD0A0056472E /* Category.swift in Sources */,
				CEA8582324EFDAEC008401E0 /* NameCategoryViewModel.swift in Sources */,
				CE96271424E6A9C1006CD1F8 /* HeaderStickersCollection.swift in Sources */,
				CE13B83F24F00BB800CF41FC /* MainScreenViewModel.swift in Sources */,
				CEE93BA624E7EDCC0063305A /* TagsCollectionController.swift in Sources */,
				CE758D5C24EFEB3300A064BC /* TagChooseScreenViewModel.swift in Sources */,
				CE43E5F724D2F3370001D4DB /* MainScreenCell.swift in Sources */,
				CE414B7624D448F6009FC4E8 /* CategoryScreenViewController.swift in Sources */,
				CEAE938824BF5AF200A47DAA /* RootViewController.swift in Sources */,
				CEAE938624BF3A0600A47DAA /* SplashScreenViewController.swift in Sources */,
				CED23E1624EACD0A0056472E /* Clothes.swift in Sources */,
				CE238ADF24F117FF001DA10E /* SocialNetwork.swift in Sources */,
				CEE93BA424E7E3930063305A /* AboutApplicationScreenController.swift in Sources */,
				CE67AA2B24D8658000502A79 /* TagDescriptionCell.swift in Sources */,
				CE67AA2924D864F900502A79 /* ClothesScreenViewController.swift in Sources */,
				CEEA1DD924E2B5A200FD6CBA /* ClothesInformation.swift in Sources */,
				CED23E4924EC34100056472E /* usefulFunctions.swift in Sources */,
			);
			runOnlyForDeploymentPostprocessing = 0;
		};
		CE39E85524BA95CD00060239 /* Sources */ = {
			isa = PBXSourcesBuildPhase;
			buildActionMask = 2147483647;
			files = (
				CE39E85E24BA95CD00060239 /* Clothing_TagsTests.swift in Sources */,
			);
			runOnlyForDeploymentPostprocessing = 0;
		};
/* End PBXSourcesBuildPhase section */

/* Begin PBXTargetDependency section */
		CE39E85B24BA95CD00060239 /* PBXTargetDependency */ = {
			isa = PBXTargetDependency;
			target = CE39E83F24BA95C400060239 /* Clothing Tags */;
			targetProxy = CE39E85A24BA95CD00060239 /* PBXContainerItemProxy */;
		};
/* End PBXTargetDependency section */

/* Begin PBXVariantGroup section */
		CE39E84924BA95C400060239 /* Main.storyboard */ = {
			isa = PBXVariantGroup;
			children = (
				CE39E84A24BA95C400060239 /* Base */,
			);
			name = Main.storyboard;
			sourceTree = "<group>";
		};
		CE39E85124BA95CC00060239 /* LaunchScreen.storyboard */ = {
			isa = PBXVariantGroup;
			children = (
				CE39E85224BA95CC00060239 /* Base */,
			);
			name = LaunchScreen.storyboard;
			sourceTree = "<group>";
		};
/* End PBXVariantGroup section */

/* Begin XCBuildConfiguration section */
		CE39E86024BA95CD00060239 /* Debug */ = {
			isa = XCBuildConfiguration;
			buildSettings = {
				ALWAYS_SEARCH_USER_PATHS = NO;
				CLANG_ANALYZER_NONNULL = YES;
				CLANG_ANALYZER_NUMBER_OBJECT_CONVERSION = YES_AGGRESSIVE;
				CLANG_CXX_LANGUAGE_STANDARD = "gnu++14";
				CLANG_CXX_LIBRARY = "libc++";
				CLANG_ENABLE_MODULES = YES;
				CLANG_ENABLE_OBJC_ARC = YES;
				CLANG_ENABLE_OBJC_WEAK = YES;
				CLANG_WARN_BLOCK_CAPTURE_AUTORELEASING = YES;
				CLANG_WARN_BOOL_CONVERSION = YES;
				CLANG_WARN_COMMA = YES;
				CLANG_WARN_CONSTANT_CONVERSION = YES;
				CLANG_WARN_DEPRECATED_OBJC_IMPLEMENTATIONS = YES;
				CLANG_WARN_DIRECT_OBJC_ISA_USAGE = YES_ERROR;
				CLANG_WARN_DOCUMENTATION_COMMENTS = YES;
				CLANG_WARN_EMPTY_BODY = YES;
				CLANG_WARN_ENUM_CONVERSION = YES;
				CLANG_WARN_INFINITE_RECURSION = YES;
				CLANG_WARN_INT_CONVERSION = YES;
				CLANG_WARN_NON_LITERAL_NULL_CONVERSION = YES;
				CLANG_WARN_OBJC_IMPLICIT_RETAIN_SELF = YES;
				CLANG_WARN_OBJC_LITERAL_CONVERSION = YES;
				CLANG_WARN_OBJC_ROOT_CLASS = YES_ERROR;
				CLANG_WARN_RANGE_LOOP_ANALYSIS = YES;
				CLANG_WARN_STRICT_PROTOTYPES = YES;
				CLANG_WARN_SUSPICIOUS_MOVE = YES;
				CLANG_WARN_UNGUARDED_AVAILABILITY = YES_AGGRESSIVE;
				CLANG_WARN_UNREACHABLE_CODE = YES;
				CLANG_WARN__DUPLICATE_METHOD_MATCH = YES;
				COPY_PHASE_STRIP = NO;
				DEBUG_INFORMATION_FORMAT = dwarf;
				ENABLE_STRICT_OBJC_MSGSEND = YES;
				ENABLE_TESTABILITY = YES;
				GCC_C_LANGUAGE_STANDARD = gnu11;
				GCC_DYNAMIC_NO_PIC = NO;
				GCC_NO_COMMON_BLOCKS = YES;
				GCC_OPTIMIZATION_LEVEL = 0;
				GCC_PREPROCESSOR_DEFINITIONS = (
					"DEBUG=1",
					"$(inherited)",
				);
				GCC_WARN_64_TO_32_BIT_CONVERSION = YES;
				GCC_WARN_ABOUT_RETURN_TYPE = YES_ERROR;
				GCC_WARN_UNDECLARED_SELECTOR = YES;
				GCC_WARN_UNINITIALIZED_AUTOS = YES_AGGRESSIVE;
				GCC_WARN_UNUSED_FUNCTION = YES;
				GCC_WARN_UNUSED_VARIABLE = YES;
				IPHONEOS_DEPLOYMENT_TARGET = 10.0;
				MTL_ENABLE_DEBUG_INFO = INCLUDE_SOURCE;
				MTL_FAST_MATH = YES;
				ONLY_ACTIVE_ARCH = YES;
				SDKROOT = iphoneos;
				SWIFT_ACTIVE_COMPILATION_CONDITIONS = DEBUG;
				SWIFT_OPTIMIZATION_LEVEL = "-Onone";
			};
			name = Debug;
		};
		CE39E86124BA95CD00060239 /* Release */ = {
			isa = XCBuildConfiguration;
			buildSettings = {
				ALWAYS_SEARCH_USER_PATHS = NO;
				CLANG_ANALYZER_NONNULL = YES;
				CLANG_ANALYZER_NUMBER_OBJECT_CONVERSION = YES_AGGRESSIVE;
				CLANG_CXX_LANGUAGE_STANDARD = "gnu++14";
				CLANG_CXX_LIBRARY = "libc++";
				CLANG_ENABLE_MODULES = YES;
				CLANG_ENABLE_OBJC_ARC = YES;
				CLANG_ENABLE_OBJC_WEAK = YES;
				CLANG_WARN_BLOCK_CAPTURE_AUTORELEASING = YES;
				CLANG_WARN_BOOL_CONVERSION = YES;
				CLANG_WARN_COMMA = YES;
				CLANG_WARN_CONSTANT_CONVERSION = YES;
				CLANG_WARN_DEPRECATED_OBJC_IMPLEMENTATIONS = YES;
				CLANG_WARN_DIRECT_OBJC_ISA_USAGE = YES_ERROR;
				CLANG_WARN_DOCUMENTATION_COMMENTS = YES;
				CLANG_WARN_EMPTY_BODY = YES;
				CLANG_WARN_ENUM_CONVERSION = YES;
				CLANG_WARN_INFINITE_RECURSION = YES;
				CLANG_WARN_INT_CONVERSION = YES;
				CLANG_WARN_NON_LITERAL_NULL_CONVERSION = YES;
				CLANG_WARN_OBJC_IMPLICIT_RETAIN_SELF = YES;
				CLANG_WARN_OBJC_LITERAL_CONVERSION = YES;
				CLANG_WARN_OBJC_ROOT_CLASS = YES_ERROR;
				CLANG_WARN_RANGE_LOOP_ANALYSIS = YES;
				CLANG_WARN_STRICT_PROTOTYPES = YES;
				CLANG_WARN_SUSPICIOUS_MOVE = YES;
				CLANG_WARN_UNGUARDED_AVAILABILITY = YES_AGGRESSIVE;
				CLANG_WARN_UNREACHABLE_CODE = YES;
				CLANG_WARN__DUPLICATE_METHOD_MATCH = YES;
				COPY_PHASE_STRIP = NO;
				DEBUG_INFORMATION_FORMAT = "dwarf-with-dsym";
				ENABLE_NS_ASSERTIONS = NO;
				ENABLE_STRICT_OBJC_MSGSEND = YES;
				GCC_C_LANGUAGE_STANDARD = gnu11;
				GCC_NO_COMMON_BLOCKS = YES;
				GCC_WARN_64_TO_32_BIT_CONVERSION = YES;
				GCC_WARN_ABOUT_RETURN_TYPE = YES_ERROR;
				GCC_WARN_UNDECLARED_SELECTOR = YES;
				GCC_WARN_UNINITIALIZED_AUTOS = YES_AGGRESSIVE;
				GCC_WARN_UNUSED_FUNCTION = YES;
				GCC_WARN_UNUSED_VARIABLE = YES;
				IPHONEOS_DEPLOYMENT_TARGET = 10.0;
				MTL_ENABLE_DEBUG_INFO = NO;
				MTL_FAST_MATH = YES;
				SDKROOT = iphoneos;
				SWIFT_COMPILATION_MODE = wholemodule;
				SWIFT_OPTIMIZATION_LEVEL = "-O";
				VALIDATE_PRODUCT = YES;
			};
			name = Release;
		};
		CE39E86324BA95CD00060239 /* Debug */ = {
			isa = XCBuildConfiguration;
			buildSettings = {
				ASSETCATALOG_COMPILER_APPICON_NAME = AppIcon;
				CODE_SIGN_STYLE = Automatic;
				DEVELOPMENT_TEAM = W38GMM7K83;
				INFOPLIST_FILE = "Clothing Tags/Info.plist";
				IPHONEOS_DEPLOYMENT_TARGET = 10.0;
				LD_RUNPATH_SEARCH_PATHS = (
					"$(inherited)",
					"@executable_path/Frameworks",
				);
				PRODUCT_BUNDLE_IDENTIFIER = "Alexey-Taran.Clothing-Tags";
				PRODUCT_NAME = "$(TARGET_NAME)";
				SWIFT_VERSION = 5.0;
				TARGETED_DEVICE_FAMILY = "1,2";
			};
			name = Debug;
		};
		CE39E86424BA95CD00060239 /* Release */ = {
			isa = XCBuildConfiguration;
			buildSettings = {
				ASSETCATALOG_COMPILER_APPICON_NAME = AppIcon;
				CODE_SIGN_STYLE = Automatic;
				DEVELOPMENT_TEAM = W38GMM7K83;
				INFOPLIST_FILE = "Clothing Tags/Info.plist";
				IPHONEOS_DEPLOYMENT_TARGET = 10.0;
				LD_RUNPATH_SEARCH_PATHS = (
					"$(inherited)",
					"@executable_path/Frameworks",
				);
				PRODUCT_BUNDLE_IDENTIFIER = "Alexey-Taran.Clothing-Tags";
				PRODUCT_NAME = "$(TARGET_NAME)";
				SWIFT_VERSION = 5.0;
				TARGETED_DEVICE_FAMILY = "1,2";
			};
			name = Release;
		};
		CE39E86624BA95CD00060239 /* Debug */ = {
			isa = XCBuildConfiguration;
			buildSettings = {
				ALWAYS_EMBED_SWIFT_STANDARD_LIBRARIES = YES;
				BUNDLE_LOADER = "$(TEST_HOST)";
				CODE_SIGN_STYLE = Automatic;
				DEVELOPMENT_TEAM = W38GMM7K83;
				INFOPLIST_FILE = "Clothing TagsTests/Info.plist";
				IPHONEOS_DEPLOYMENT_TARGET = 13.4;
				LD_RUNPATH_SEARCH_PATHS = (
					"$(inherited)",
					"@executable_path/Frameworks",
					"@loader_path/Frameworks",
				);
				PRODUCT_BUNDLE_IDENTIFIER = "Alexey-Taran.Clothing-TagsTests";
				PRODUCT_NAME = "$(TARGET_NAME)";
				SWIFT_VERSION = 5.0;
				TARGETED_DEVICE_FAMILY = "1,2";
				TEST_HOST = "$(BUILT_PRODUCTS_DIR)/Clothing Tags.app/Clothing Tags";
			};
			name = Debug;
		};
		CE39E86724BA95CD00060239 /* Release */ = {
			isa = XCBuildConfiguration;
			buildSettings = {
				ALWAYS_EMBED_SWIFT_STANDARD_LIBRARIES = YES;
				BUNDLE_LOADER = "$(TEST_HOST)";
				CODE_SIGN_STYLE = Automatic;
				DEVELOPMENT_TEAM = W38GMM7K83;
				INFOPLIST_FILE = "Clothing TagsTests/Info.plist";
				IPHONEOS_DEPLOYMENT_TARGET = 13.4;
				LD_RUNPATH_SEARCH_PATHS = (
					"$(inherited)",
					"@executable_path/Frameworks",
					"@loader_path/Frameworks",
				);
				PRODUCT_BUNDLE_IDENTIFIER = "Alexey-Taran.Clothing-TagsTests";
				PRODUCT_NAME = "$(TARGET_NAME)";
				SWIFT_VERSION = 5.0;
				TARGETED_DEVICE_FAMILY = "1,2";
				TEST_HOST = "$(BUILT_PRODUCTS_DIR)/Clothing Tags.app/Clothing Tags";
			};
			name = Release;
		};
/* End XCBuildConfiguration section */

/* Begin XCConfigurationList section */
		CE39E83B24BA95C400060239 /* Build configuration list for PBXProject "Clothing Tags" */ = {
			isa = XCConfigurationList;
			buildConfigurations = (
				CE39E86024BA95CD00060239 /* Debug */,
				CE39E86124BA95CD00060239 /* Release */,
			);
			defaultConfigurationIsVisible = 0;
			defaultConfigurationName = Release;
		};
		CE39E86224BA95CD00060239 /* Build configuration list for PBXNativeTarget "Clothing Tags" */ = {
			isa = XCConfigurationList;
			buildConfigurations = (
				CE39E86324BA95CD00060239 /* Debug */,
				CE39E86424BA95CD00060239 /* Release */,
			);
			defaultConfigurationIsVisible = 0;
			defaultConfigurationName = Release;
		};
		CE39E86524BA95CD00060239 /* Build configuration list for PBXNativeTarget "Clothing TagsTests" */ = {
			isa = XCConfigurationList;
			buildConfigurations = (
				CE39E86624BA95CD00060239 /* Debug */,
				CE39E86724BA95CD00060239 /* Release */,
			);
			defaultConfigurationIsVisible = 0;
			defaultConfigurationName = Release;
		};
/* End XCConfigurationList section */

/* Begin XCRemoteSwiftPackageReference section */
		CE89F10D24C2074E00A2ABBE /* XCRemoteSwiftPackageReference "RxSwift" */ = {
			isa = XCRemoteSwiftPackageReference;
			repositoryURL = "https://github.com/ReactiveX/RxSwift.git";
			requirement = {
				kind = upToNextMajorVersion;
				minimumVersion = 5.1.1;
			};
		};
		CE96270E24E698DE006CD1F8 /* XCRemoteSwiftPackageReference "RxDataSources" */ = {
			isa = XCRemoteSwiftPackageReference;
			repositoryURL = "https://github.com/RxSwiftCommunity/RxDataSources";
			requirement = {
				kind = exactVersion;
				version = 4.0.0;
			};
		};
		CED23E4524EC32950056472E /* XCRemoteSwiftPackageReference "SQLite" */ = {
			isa = XCRemoteSwiftPackageReference;
			repositoryURL = "https://github.com/stephencelis/SQLite.swift";
			requirement = {
				kind = upToNextMajorVersion;
				minimumVersion = 0.12.2;
			};
		};
/* End XCRemoteSwiftPackageReference section */

/* Begin XCSwiftPackageProductDependency section */
		CE89F10E24C2074E00A2ABBE /* RxSwift */ = {
			isa = XCSwiftPackageProductDependency;
			package = CE89F10D24C2074E00A2ABBE /* XCRemoteSwiftPackageReference "RxSwift" */;
			productName = RxSwift;
		};
		CE89F11024C2074E00A2ABBE /* RxCocoa */ = {
			isa = XCSwiftPackageProductDependency;
			package = CE89F10D24C2074E00A2ABBE /* XCRemoteSwiftPackageReference "RxSwift" */;
			productName = RxCocoa;
		};
		CE96270F24E698DE006CD1F8 /* Differentiator */ = {
			isa = XCSwiftPackageProductDependency;
			package = CE96270E24E698DE006CD1F8 /* XCRemoteSwiftPackageReference "RxDataSources" */;
			productName = Differentiator;
		};
		CE96271124E698DE006CD1F8 /* RxDataSources */ = {
			isa = XCSwiftPackageProductDependency;
			package = CE96270E24E698DE006CD1F8 /* XCRemoteSwiftPackageReference "RxDataSources" */;
			productName = RxDataSources;
		};
		CED23E4624EC32950056472E /* SQLite */ = {
			isa = XCSwiftPackageProductDependency;
			package = CED23E4524EC32950056472E /* XCRemoteSwiftPackageReference "SQLite" */;
			productName = SQLite;
		};
/* End XCSwiftPackageProductDependency section */

/* Begin XCVersionGroup section */
		CE39E84C24BA95C400060239 /* Clothing_Tags.xcdatamodeld */ = {
			isa = XCVersionGroup;
			children = (
				CE39E84D24BA95C400060239 /* Clothing_Tags.xcdatamodel */,
			);
			currentVersion = CE39E84D24BA95C400060239 /* Clothing_Tags.xcdatamodel */;
			path = Clothing_Tags.xcdatamodeld;
			sourceTree = "<group>";
			versionGroupType = wrapper.xcdatamodel;
		};
/* End XCVersionGroup section */
	};
	rootObject = CE39E83824BA95C400060239 /* Project object */;
}
