// !$*UTF8*$!
{
	archiveVersion = 1;
	classes = {
	};
	objectVersion = 52;
	objects = {

/* Begin PBXBuildFile section */
		CE0061BE24C32E89000F66CD /* add.png in Resources */ = {isa = PBXBuildFile; fileRef = CE0061B924C32E89000F66CD /* add.png */; };
		CE0061BF24C32E89000F66CD /* listClothes.png in Resources */ = {isa = PBXBuildFile; fileRef = CE0061BA24C32E89000F66CD /* listClothes.png */; };
		CE0061C024C32E89000F66CD /* tags.png in Resources */ = {isa = PBXBuildFile; fileRef = CE0061BB24C32E89000F66CD /* tags.png */; };
		CE0061C124C32E89000F66CD /* menu.png in Resources */ = {isa = PBXBuildFile; fileRef = CE0061BC24C32E89000F66CD /* menu.png */; };
		CE0061C224C32E89000F66CD /* allert.png in Resources */ = {isa = PBXBuildFile; fileRef = CE0061BD24C32E89000F66CD /* allert.png */; };
		CE0061C424C32F64000F66CD /* iconInApp.png in Resources */ = {isa = PBXBuildFile; fileRef = CE0061C324C32F64000F66CD /* iconInApp.png */; };
		CE0061C624C33D49000F66CD /* MenuViewController.swift in Sources */ = {isa = PBXBuildFile; fileRef = CE0061C524C33D49000F66CD /* MenuViewController.swift */; };
		CE0061C824C33D72000F66CD /* MenuScreen.storyboard in Resources */ = {isa = PBXBuildFile; fileRef = CE0061C724C33D72000F66CD /* MenuScreen.storyboard */; };
		CE39E84424BA95C400060239 /* AppDelegate.swift in Sources */ = {isa = PBXBuildFile; fileRef = CE39E84324BA95C400060239 /* AppDelegate.swift */; };
		CE39E84B24BA95C400060239 /* Main.storyboard in Resources */ = {isa = PBXBuildFile; fileRef = CE39E84924BA95C400060239 /* Main.storyboard */; };
		CE39E84E24BA95C400060239 /* Clothing_Tags.xcdatamodeld in Sources */ = {isa = PBXBuildFile; fileRef = CE39E84C24BA95C400060239 /* Clothing_Tags.xcdatamodeld */; };
		CE39E85024BA95CC00060239 /* Assets.xcassets in Resources */ = {isa = PBXBuildFile; fileRef = CE39E84F24BA95CC00060239 /* Assets.xcassets */; };
		CE39E85324BA95CC00060239 /* LaunchScreen.storyboard in Resources */ = {isa = PBXBuildFile; fileRef = CE39E85124BA95CC00060239 /* LaunchScreen.storyboard */; };
		CE39E85E24BA95CD00060239 /* Clothing_TagsTests.swift in Sources */ = {isa = PBXBuildFile; fileRef = CE39E85D24BA95CD00060239 /* Clothing_TagsTests.swift */; };
		CE43E5F724D2F3370001D4DB /* MainScreenCell.swift in Sources */ = {isa = PBXBuildFile; fileRef = CE43E5F624D2F3370001D4DB /* MainScreenCell.swift */; };
		CE89F10F24C2074E00A2ABBE /* RxSwift in Frameworks */ = {isa = PBXBuildFile; productRef = CE89F10E24C2074E00A2ABBE /* RxSwift */; };
		CE89F11124C2074E00A2ABBE /* RxCocoa in Frameworks */ = {isa = PBXBuildFile; productRef = CE89F11024C2074E00A2ABBE /* RxCocoa */; };
		CE8A67E024D3304E00D654DC /* MenuScreenCell.swift in Sources */ = {isa = PBXBuildFile; fileRef = CE8A67DF24D3304E00D654DC /* MenuScreenCell.swift */; };
		CE90070724BCD405004D9BC6 /* loadingMenu.jpg in Resources */ = {isa = PBXBuildFile; fileRef = CE90070124BCD1E6004D9BC6 /* loadingMenu.jpg */; };
		CEAE938624BF3A0600A47DAA /* SplashScreenViewController.swift in Sources */ = {isa = PBXBuildFile; fileRef = CEAE938524BF3A0600A47DAA /* SplashScreenViewController.swift */; };
		CEAE938824BF5AF200A47DAA /* RootViewController.swift in Sources */ = {isa = PBXBuildFile; fileRef = CEAE938724BF5AF200A47DAA /* RootViewController.swift */; };
		CEAE938A24BF5F8700A47DAA /* SplashScreen.storyboard in Resources */ = {isa = PBXBuildFile; fileRef = CEAE938924BF5F8700A47DAA /* SplashScreen.storyboard */; };
		CEAE938E24BF63B800A47DAA /* MainScreenViewController.swift in Sources */ = {isa = PBXBuildFile; fileRef = CEAE938D24BF63B800A47DAA /* MainScreenViewController.swift */; };
		CEAE939024BF7FEC00A47DAA /* MainScreen.storyboard in Resources */ = {isa = PBXBuildFile; fileRef = CEAE938F24BF7FEC00A47DAA /* MainScreen.storyboard */; };
		CEC4183424C226D400ECA02E /* bosaNova.ttf in Resources */ = {isa = PBXBuildFile; fileRef = CEC4183324C226D400ECA02E /* bosaNova.ttf */; };
		CEC4183524C22FE400ECA02E /* bosaNova.ttf in Resources */ = {isa = PBXBuildFile; fileRef = CEC4183324C226D400ECA02E /* bosaNova.ttf */; };
/* End PBXBuildFile section */

/* Begin PBXContainerItemProxy section */
		CE39E85A24BA95CD00060239 /* PBXContainerItemProxy */ = {
			isa = PBXContainerItemProxy;
			containerPortal = CE39E83824BA95C400060239 /* Project object */;
			proxyType = 1;
			remoteGlobalIDString = CE39E83F24BA95C400060239;
			remoteInfo = "Clothing Tags";
		};
/* End PBXContainerItemProxy section */

/* Begin PBXFileReference section */
		CE0061B924C32E89000F66CD /* add.png */ = {isa = PBXFileReference; lastKnownFileType = image.png; path = add.png; sourceTree = "<group>"; };
		CE0061BA24C32E89000F66CD /* listClothes.png */ = {isa = PBXFileReference; lastKnownFileType = image.png; path = listClothes.png; sourceTree = "<group>"; };
		CE0061BB24C32E89000F66CD /* tags.png */ = {isa = PBXFileReference; lastKnownFileType = image.png; path = tags.png; sourceTree = "<group>"; };
		CE0061BC24C32E89000F66CD /* menu.png */ = {isa = PBXFileReference; lastKnownFileType = image.png; path = menu.png; sourceTree = "<group>"; };
		CE0061BD24C32E89000F66CD /* allert.png */ = {isa = PBXFileReference; lastKnownFileType = image.png; path = allert.png; sourceTree = "<group>"; };
		CE0061C324C32F64000F66CD /* iconInApp.png */ = {isa = PBXFileReference; lastKnownFileType = image.png; path = iconInApp.png; sourceTree = "<group>"; };
		CE0061C524C33D49000F66CD /* MenuViewController.swift */ = {isa = PBXFileReference; lastKnownFileType = sourcecode.swift; path = MenuViewController.swift; sourceTree = "<group>"; };
		CE0061C724C33D72000F66CD /* MenuScreen.storyboard */ = {isa = PBXFileReference; lastKnownFileType = file.storyboard; path = MenuScreen.storyboard; sourceTree = "<group>"; };
		CE39E84024BA95C400060239 /* Clothing Tags.app */ = {isa = PBXFileReference; explicitFileType = wrapper.application; includeInIndex = 0; path = "Clothing Tags.app"; sourceTree = BUILT_PRODUCTS_DIR; };
		CE39E84324BA95C400060239 /* AppDelegate.swift */ = {isa = PBXFileReference; lastKnownFileType = sourcecode.swift; path = AppDelegate.swift; sourceTree = "<group>"; };
		CE39E84A24BA95C400060239 /* Base */ = {isa = PBXFileReference; lastKnownFileType = file.storyboard; name = Base; path = Base.lproj/Main.storyboard; sourceTree = "<group>"; };
		CE39E84D24BA95C400060239 /* Clothing_Tags.xcdatamodel */ = {isa = PBXFileReference; lastKnownFileType = wrapper.xcdatamodel; path = Clothing_Tags.xcdatamodel; sourceTree = "<group>"; };
		CE39E84F24BA95CC00060239 /* Assets.xcassets */ = {isa = PBXFileReference; lastKnownFileType = folder.assetcatalog; path = Assets.xcassets; sourceTree = "<group>"; };
		CE39E85224BA95CC00060239 /* Base */ = {isa = PBXFileReference; lastKnownFileType = file.storyboard; name = Base; path = Base.lproj/LaunchScreen.storyboard; sourceTree = "<group>"; };
		CE39E85424BA95CC00060239 /* Info.plist */ = {isa = PBXFileReference; lastKnownFileType = text.plist.xml; path = Info.plist; sourceTree = "<group>"; };
		CE39E85924BA95CD00060239 /* Clothing TagsTests.xctest */ = {isa = PBXFileReference; explicitFileType = wrapper.cfbundle; includeInIndex = 0; path = "Clothing TagsTests.xctest"; sourceTree = BUILT_PRODUCTS_DIR; };
		CE39E85D24BA95CD00060239 /* Clothing_TagsTests.swift */ = {isa = PBXFileReference; lastKnownFileType = sourcecode.swift; path = Clothing_TagsTests.swift; sourceTree = "<group>"; };
		CE39E85F24BA95CD00060239 /* Info.plist */ = {isa = PBXFileReference; lastKnownFileType = text.plist.xml; path = Info.plist; sourceTree = "<group>"; };
		CE43E5F624D2F3370001D4DB /* MainScreenCell.swift */ = {isa = PBXFileReference; lastKnownFileType = sourcecode.swift; path = MainScreenCell.swift; sourceTree = "<group>"; };
		CE8A67DF24D3304E00D654DC /* MenuScreenCell.swift */ = {isa = PBXFileReference; lastKnownFileType = sourcecode.swift; path = MenuScreenCell.swift; sourceTree = "<group>"; };
		CE90070124BCD1E6004D9BC6 /* loadingMenu.jpg */ = {isa = PBXFileReference; lastKnownFileType = image.jpeg; path = loadingMenu.jpg; sourceTree = "<group>"; };
		CEAE938524BF3A0600A47DAA /* SplashScreenViewController.swift */ = {isa = PBXFileReference; lastKnownFileType = sourcecode.swift; path = SplashScreenViewController.swift; sourceTree = "<group>"; };
		CEAE938724BF5AF200A47DAA /* RootViewController.swift */ = {isa = PBXFileReference; lastKnownFileType = sourcecode.swift; path = RootViewController.swift; sourceTree = "<group>"; };
		CEAE938924BF5F8700A47DAA /* SplashScreen.storyboard */ = {isa = PBXFileReference; lastKnownFileType = file.storyboard; path = SplashScreen.storyboard; sourceTree = "<group>"; };
		CEAE938D24BF63B800A47DAA /* MainScreenViewController.swift */ = {isa = PBXFileReference; lastKnownFileType = sourcecode.swift; path = MainScreenViewController.swift; sourceTree = "<group>"; };
		CEAE938F24BF7FEC00A47DAA /* MainScreen.storyboard */ = {isa = PBXFileReference; lastKnownFileType = file.storyboard; path = MainScreen.storyboard; sourceTree = "<group>"; };
		CEC4183324C226D400ECA02E /* bosaNova.ttf */ = {isa = PBXFileReference; lastKnownFileType = file; path = bosaNova.ttf; sourceTree = "<group>"; };
/* End PBXFileReference section */

/* Begin PBXFrameworksBuildPhase section */
		CE39E83D24BA95C400060239 /* Frameworks */ = {
			isa = PBXFrameworksBuildPhase;
			buildActionMask = 2147483647;
			files = (
				CE89F11124C2074E00A2ABBE /* RxCocoa in Frameworks */,
				CE89F10F24C2074E00A2ABBE /* RxSwift in Frameworks */,
			);
			runOnlyForDeploymentPostprocessing = 0;
		};
		CE39E85624BA95CD00060239 /* Frameworks */ = {
			isa = PBXFrameworksBuildPhase;
			buildActionMask = 2147483647;
			files = (
			);
			runOnlyForDeploymentPostprocessing = 0;
		};
/* End PBXFrameworksBuildPhase section */

/* Begin PBXGroup section */
		782EBF2FAA7D872A1483DB55 /* Pods */ = {
			isa = PBXGroup;
			children = (
			);
			path = Pods;
			sourceTree = "<group>";
		};
		CE39E83724BA95C400060239 = {
			isa = PBXGroup;
			children = (
				CE90070424BCD233004D9BC6 /* Images */,
				CE39E84224BA95C400060239 /* Clothing Tags */,
				CE39E85C24BA95CD00060239 /* Clothing Tags Tests */,
				CE39E84124BA95C400060239 /* Products */,
				782EBF2FAA7D872A1483DB55 /* Pods */,
			);
			sourceTree = "<group>";
		};
		CE39E84124BA95C400060239 /* Products */ = {
			isa = PBXGroup;
			children = (
				CE39E84024BA95C400060239 /* Clothing Tags.app */,
				CE39E85924BA95CD00060239 /* Clothing TagsTests.xctest */,
			);
			name = Products;
			sourceTree = "<group>";
		};
		CE39E84224BA95C400060239 /* Clothing Tags */ = {
			isa = PBXGroup;
			children = (
				CEC4183024C2263500ECA02E /* Fonts */,
				CEA9138924C1E4DD00CCA7E7 /* Model */,
				CEA9138824C1E4BA00CCA7E7 /* ViewModels */,
				CEAE938224BF34B600A47DAA /* Storyboards */,
				CEAE938124BF25C300A47DAA /* ViewControllers */,
				CE39E84324BA95C400060239 /* AppDelegate.swift */,
				CE39E84F24BA95CC00060239 /* Assets.xcassets */,
				CE39E85424BA95CC00060239 /* Info.plist */,
				CE39E84C24BA95C400060239 /* Clothing_Tags.xcdatamodeld */,
			);
			path = "Clothing Tags";
			sourceTree = "<group>";
		};
		CE39E85C24BA95CD00060239 /* Clothing Tags Tests */ = {
			isa = PBXGroup;
			children = (
				CE39E85D24BA95CD00060239 /* Clothing_TagsTests.swift */,
				CE39E85F24BA95CD00060239 /* Info.plist */,
			);
			path = "Clothing Tags Tests";
			sourceTree = "<group>";
		};
		CE43E5F524D2F3000001D4DB /* Cells */ = {
			isa = PBXGroup;
			children = (
				CE43E5F624D2F3370001D4DB /* MainScreenCell.swift */,
				CE8A67DF24D3304E00D654DC /* MenuScreenCell.swift */,
			);
			path = Cells;
			sourceTree = "<group>";
		};
		CE90070424BCD233004D9BC6 /* Images */ = {
			isa = PBXGroup;
			children = (
				CE0061C324C32F64000F66CD /* iconInApp.png */,
				CE0061B924C32E89000F66CD /* add.png */,
				CE0061BD24C32E89000F66CD /* allert.png */,
				CE0061BA24C32E89000F66CD /* listClothes.png */,
				CE0061BC24C32E89000F66CD /* menu.png */,
				CE0061BB24C32E89000F66CD /* tags.png */,
				CE90070124BCD1E6004D9BC6 /* loadingMenu.jpg */,
			);
			path = Images;
			sourceTree = "<group>";
		};
		CEA9138824C1E4BA00CCA7E7 /* ViewModels */ = {
			isa = PBXGroup;
			children = (
			);
			path = ViewModels;
			sourceTree = "<group>";
		};
		CEA9138924C1E4DD00CCA7E7 /* Model */ = {
			isa = PBXGroup;
			children = (
			);
			path = Model;
			sourceTree = "<group>";
		};
		CEAE938124BF25C300A47DAA /* ViewControllers */ = {
			isa = PBXGroup;
			children = (
				CE43E5F524D2F3000001D4DB /* Cells */,
				CEAE938524BF3A0600A47DAA /* SplashScreenViewController.swift */,
				CE0061C524C33D49000F66CD /* MenuViewController.swift */,
				CEAE938D24BF63B800A47DAA /* MainScreenViewController.swift */,
				CEAE938724BF5AF200A47DAA /* RootViewController.swift */,
			);
			path = ViewControllers;
			sourceTree = "<group>";
		};
		CEAE938224BF34B600A47DAA /* Storyboards */ = {
			isa = PBXGroup;
			children = (
				CE39E85124BA95CC00060239 /* LaunchScreen.storyboard */,
				CEAE938924BF5F8700A47DAA /* SplashScreen.storyboard */,
				CEAE938F24BF7FEC00A47DAA /* MainScreen.storyboard */,
				CE0061C724C33D72000F66CD /* MenuScreen.storyboard */,
				CE39E84924BA95C400060239 /* Main.storyboard */,
			);
			path = Storyboards;
			sourceTree = "<group>";
		};
		CEC4183024C2263500ECA02E /* Fonts */ = {
			isa = PBXGroup;
			children = (
				CEC4183324C226D400ECA02E /* bosaNova.ttf */,
			);
			path = Fonts;
			sourceTree = "<group>";
		};
/* End PBXGroup section */

/* Begin PBXNativeTarget section */
		CE39E83F24BA95C400060239 /* Clothing Tags */ = {
			isa = PBXNativeTarget;
			buildConfigurationList = CE39E86224BA95CD00060239 /* Build configuration list for PBXNativeTarget "Clothing Tags" */;
			buildPhases = (
				CE39E83C24BA95C400060239 /* Sources */,
				CE39E83D24BA95C400060239 /* Frameworks */,
				CE39E83E24BA95C400060239 /* Resources */,
			);
			buildRules = (
			);
			dependencies = (
			);
			name = "Clothing Tags";
			packageProductDependencies = (
				CE89F10E24C2074E00A2ABBE /* RxSwift */,
				CE89F11024C2074E00A2ABBE /* RxCocoa */,
			);
			productName = "Clothing Tags";
			productReference = CE39E84024BA95C400060239 /* Clothing Tags.app */;
			productType = "com.apple.product-type.application";
		};
		CE39E85824BA95CD00060239 /* Clothing TagsTests */ = {
			isa = PBXNativeTarget;
			buildConfigurationList = CE39E86524BA95CD00060239 /* Build configuration list for PBXNativeTarget "Clothing TagsTests" */;
			buildPhases = (
				CE39E85524BA95CD00060239 /* Sources */,
				CE39E85624BA95CD00060239 /* Frameworks */,
				CE39E85724BA95CD00060239 /* Resources */,
			);
			buildRules = (
			);
			dependencies = (
				CE39E85B24BA95CD00060239 /* PBXTargetDependency */,
			);
			name = "Clothing TagsTests";
			productName = "Clothing TagsTests";
			productReference = CE39E85924BA95CD00060239 /* Clothing TagsTests.xctest */;
			productType = "com.apple.product-type.bundle.unit-test";
		};
/* End PBXNativeTarget section */

/* Begin PBXProject section */
		CE39E83824BA95C400060239 /* Project object */ = {
			isa = PBXProject;
			attributes = {
				LastSwiftUpdateCheck = 1140;
				LastUpgradeCheck = 1140;
				ORGANIZATIONNAME = "Alexey Taran";
				TargetAttributes = {
					CE39E83F24BA95C400060239 = {
						CreatedOnToolsVersion = 11.4;
					};
					CE39E85824BA95CD00060239 = {
						CreatedOnToolsVersion = 11.4;
						TestTargetID = CE39E83F24BA95C400060239;
					};
				};
			};
			buildConfigurationList = CE39E83B24BA95C400060239 /* Build configuration list for PBXProject "Clothing Tags" */;
			compatibilityVersion = "Xcode 9.3";
			developmentRegion = en;
			hasScannedForEncodings = 0;
			knownRegions = (
				en,
				Base,
			);
			mainGroup = CE39E83724BA95C400060239;
			packageReferences = (
				CE89F10D24C2074E00A2ABBE /* XCRemoteSwiftPackageReference "RxSwift" */,
			);
			productRefGroup = CE39E84124BA95C400060239 /* Products */;
			projectDirPath = "";
			projectRoot = "";
			targets = (
				CE39E83F24BA95C400060239 /* Clothing Tags */,
				CE39E85824BA95CD00060239 /* Clothing TagsTests */,
			);
		};
/* End PBXProject section */

/* Begin PBXResourcesBuildPhase section */
		CE39E83E24BA95C400060239 /* Resources */ = {
			isa = PBXResourcesBuildPhase;
			buildActionMask = 2147483647;
			files = (
				CE90070724BCD405004D9BC6 /* loadingMenu.jpg in Resources */,
				CE0061C424C32F64000F66CD /* iconInApp.png in Resources */,
				CE0061C224C32E89000F66CD /* allert.png in Resources */,
				CE0061C824C33D72000F66CD /* MenuScreen.storyboard in Resources */,
				CE39E85324BA95CC00060239 /* LaunchScreen.storyboard in Resources */,
				CEC4183424C226D400ECA02E /* bosaNova.ttf in Resources */,
				CE0061BE24C32E89000F66CD /* add.png in Resources */,
				CE39E85024BA95CC00060239 /* Assets.xcassets in Resources */,
				CE0061BF24C32E89000F66CD /* listClothes.png in Resources */,
				CE0061C024C32E89000F66CD /* tags.png in Resources */,
				CEAE938A24BF5F8700A47DAA /* SplashScreen.storyboard in Resources */,
				CE0061C124C32E89000F66CD /* menu.png in Resources */,
				CE39E84B24BA95C400060239 /* Main.storyboard in Resources */,
				CEAE939024BF7FEC00A47DAA /* MainScreen.storyboard in Resources */,
			);
			runOnlyForDeploymentPostprocessing = 0;
		};
		CE39E85724BA95CD00060239 /* Resources */ = {
			isa = PBXResourcesBuildPhase;
			buildActionMask = 2147483647;
			files = (
				CEC4183524C22FE400ECA02E /* bosaNova.ttf in Resources */,
			);
			runOnlyForDeploymentPostprocessing = 0;
		};
/* End PBXResourcesBuildPhase section */

/* Begin PBXSourcesBuildPhase section */
		CE39E83C24BA95C400060239 /* Sources */ = {
			isa = PBXSourcesBuildPhase;
			buildActionMask = 2147483647;
			files = (
				CEAE938E24BF63B800A47DAA /* MainScreenViewController.swift in Sources */,
				CE8A67E024D3304E00D654DC /* MenuScreenCell.swift in Sources */,
				CE0061C624C33D49000F66CD /* MenuViewController.swift in Sources */,
				CE39E84E24BA95C400060239 /* Clothing_Tags.xcdatamodeld in Sources */,
				CE39E84424BA95C400060239 /* AppDelegate.swift in Sources */,
				CE43E5F724D2F3370001D4DB /* MainScreenCell.swift in Sources */,
				CEAE938824BF5AF200A47DAA /* RootViewController.swift in Sources */,
				CEAE938624BF3A0600A47DAA /* SplashScreenViewController.swift in Sources */,
			);
			runOnlyForDeploymentPostprocessing = 0;
		};
		CE39E85524BA95CD00060239 /* Sources */ = {
			isa = PBXSourcesBuildPhase;
			buildActionMask = 2147483647;
			files = (
				CE39E85E24BA95CD00060239 /* Clothing_TagsTests.swift in Sources */,
			);
			runOnlyForDeploymentPostprocessing = 0;
		};
/* End PBXSourcesBuildPhase section */

/* Begin PBXTargetDependency section */
		CE39E85B24BA95CD00060239 /* PBXTargetDependency */ = {
			isa = PBXTargetDependency;
			target = CE39E83F24BA95C400060239 /* Clothing Tags */;
			targetProxy = CE39E85A24BA95CD00060239 /* PBXContainerItemProxy */;
		};
/* End PBXTargetDependency section */

/* Begin PBXVariantGroup section */
		CE39E84924BA95C400060239 /* Main.storyboard */ = {
			isa = PBXVariantGroup;
			children = (
				CE39E84A24BA95C400060239 /* Base */,
			);
			name = Main.storyboard;
			sourceTree = "<group>";
		};
		CE39E85124BA95CC00060239 /* LaunchScreen.storyboard */ = {
			isa = PBXVariantGroup;
			children = (
				CE39E85224BA95CC00060239 /* Base */,
			);
			name = LaunchScreen.storyboard;
			sourceTree = "<group>";
		};
/* End PBXVariantGroup section */

/* Begin XCBuildConfiguration section */
		CE39E86024BA95CD00060239 /* Debug */ = {
			isa = XCBuildConfiguration;
			buildSettings = {
				ALWAYS_SEARCH_USER_PATHS = NO;
				CLANG_ANALYZER_NONNULL = YES;
				CLANG_ANALYZER_NUMBER_OBJECT_CONVERSION = YES_AGGRESSIVE;
				CLANG_CXX_LANGUAGE_STANDARD = "gnu++14";
				CLANG_CXX_LIBRARY = "libc++";
				CLANG_ENABLE_MODULES = YES;
				CLANG_ENABLE_OBJC_ARC = YES;
				CLANG_ENABLE_OBJC_WEAK = YES;
				CLANG_WARN_BLOCK_CAPTURE_AUTORELEASING = YES;
				CLANG_WARN_BOOL_CONVERSION = YES;
				CLANG_WARN_COMMA = YES;
				CLANG_WARN_CONSTANT_CONVERSION = YES;
				CLANG_WARN_DEPRECATED_OBJC_IMPLEMENTATIONS = YES;
				CLANG_WARN_DIRECT_OBJC_ISA_USAGE = YES_ERROR;
				CLANG_WARN_DOCUMENTATION_COMMENTS = YES;
				CLANG_WARN_EMPTY_BODY = YES;
				CLANG_WARN_ENUM_CONVERSION = YES;
				CLANG_WARN_INFINITE_RECURSION = YES;
				CLANG_WARN_INT_CONVERSION = YES;
				CLANG_WARN_NON_LITERAL_NULL_CONVERSION = YES;
				CLANG_WARN_OBJC_IMPLICIT_RETAIN_SELF = YES;
				CLANG_WARN_OBJC_LITERAL_CONVERSION = YES;
				CLANG_WARN_OBJC_ROOT_CLASS = YES_ERROR;
				CLANG_WARN_RANGE_LOOP_ANALYSIS = YES;
				CLANG_WARN_STRICT_PROTOTYPES = YES;
				CLANG_WARN_SUSPICIOUS_MOVE = YES;
				CLANG_WARN_UNGUARDED_AVAILABILITY = YES_AGGRESSIVE;
				CLANG_WARN_UNREACHABLE_CODE = YES;
				CLANG_WARN__DUPLICATE_METHOD_MATCH = YES;
				COPY_PHASE_STRIP = NO;
				DEBUG_INFORMATION_FORMAT = dwarf;
				ENABLE_STRICT_OBJC_MSGSEND = YES;
				ENABLE_TESTABILITY = YES;
				GCC_C_LANGUAGE_STANDARD = gnu11;
				GCC_DYNAMIC_NO_PIC = NO;
				GCC_NO_COMMON_BLOCKS = YES;
				GCC_OPTIMIZATION_LEVEL = 0;
				GCC_PREPROCESSOR_DEFINITIONS = (
					"DEBUG=1",
					"$(inherited)",
				);
				GCC_WARN_64_TO_32_BIT_CONVERSION = YES;
				GCC_WARN_ABOUT_RETURN_TYPE = YES_ERROR;
				GCC_WARN_UNDECLARED_SELECTOR = YES;
				GCC_WARN_UNINITIALIZED_AUTOS = YES_AGGRESSIVE;
				GCC_WARN_UNUSED_FUNCTION = YES;
				GCC_WARN_UNUSED_VARIABLE = YES;
				IPHONEOS_DEPLOYMENT_TARGET = 10.0;
				MTL_ENABLE_DEBUG_INFO = INCLUDE_SOURCE;
				MTL_FAST_MATH = YES;
				ONLY_ACTIVE_ARCH = YES;
				SDKROOT = iphoneos;
				SWIFT_ACTIVE_COMPILATION_CONDITIONS = DEBUG;
				SWIFT_OPTIMIZATION_LEVEL = "-Onone";
			};
			name = Debug;
		};
		CE39E86124BA95CD00060239 /* Release */ = {
			isa = XCBuildConfiguration;
			buildSettings = {
				ALWAYS_SEARCH_USER_PATHS = NO;
				CLANG_ANALYZER_NONNULL = YES;
				CLANG_ANALYZER_NUMBER_OBJECT_CONVERSION = YES_AGGRESSIVE;
				CLANG_CXX_LANGUAGE_STANDARD = "gnu++14";
				CLANG_CXX_LIBRARY = "libc++";
				CLANG_ENABLE_MODULES = YES;
				CLANG_ENABLE_OBJC_ARC = YES;
				CLANG_ENABLE_OBJC_WEAK = YES;
				CLANG_WARN_BLOCK_CAPTURE_AUTORELEASING = YES;
				CLANG_WARN_BOOL_CONVERSION = YES;
				CLANG_WARN_COMMA = YES;
				CLANG_WARN_CONSTANT_CONVERSION = YES;
				CLANG_WARN_DEPRECATED_OBJC_IMPLEMENTATIONS = YES;
				CLANG_WARN_DIRECT_OBJC_ISA_USAGE = YES_ERROR;
				CLANG_WARN_DOCUMENTATION_COMMENTS = YES;
				CLANG_WARN_EMPTY_BODY = YES;
				CLANG_WARN_ENUM_CONVERSION = YES;
				CLANG_WARN_INFINITE_RECURSION = YES;
				CLANG_WARN_INT_CONVERSION = YES;
				CLANG_WARN_NON_LITERAL_NULL_CONVERSION = YES;
				CLANG_WARN_OBJC_IMPLICIT_RETAIN_SELF = YES;
				CLANG_WARN_OBJC_LITERAL_CONVERSION = YES;
				CLANG_WARN_OBJC_ROOT_CLASS = YES_ERROR;
				CLANG_WARN_RANGE_LOOP_ANALYSIS = YES;
				CLANG_WARN_STRICT_PROTOTYPES = YES;
				CLANG_WARN_SUSPICIOUS_MOVE = YES;
				CLANG_WARN_UNGUARDED_AVAILABILITY = YES_AGGRESSIVE;
				CLANG_WARN_UNREACHABLE_CODE = YES;
				CLANG_WARN__DUPLICATE_METHOD_MATCH = YES;
				COPY_PHASE_STRIP = NO;
				DEBUG_INFORMATION_FORMAT = "dwarf-with-dsym";
				ENABLE_NS_ASSERTIONS = NO;
				ENABLE_STRICT_OBJC_MSGSEND = YES;
				GCC_C_LANGUAGE_STANDARD = gnu11;
				GCC_NO_COMMON_BLOCKS = YES;
				GCC_WARN_64_TO_32_BIT_CONVERSION = YES;
				GCC_WARN_ABOUT_RETURN_TYPE = YES_ERROR;
				GCC_WARN_UNDECLARED_SELECTOR = YES;
				GCC_WARN_UNINITIALIZED_AUTOS = YES_AGGRESSIVE;
				GCC_WARN_UNUSED_FUNCTION = YES;
				GCC_WARN_UNUSED_VARIABLE = YES;
				IPHONEOS_DEPLOYMENT_TARGET = 10.0;
				MTL_ENABLE_DEBUG_INFO = NO;
				MTL_FAST_MATH = YES;
				SDKROOT = iphoneos;
				SWIFT_COMPILATION_MODE = wholemodule;
				SWIFT_OPTIMIZATION_LEVEL = "-O";
				VALIDATE_PRODUCT = YES;
			};
			name = Release;
		};
		CE39E86324BA95CD00060239 /* Debug */ = {
			isa = XCBuildConfiguration;
			buildSettings = {
				ASSETCATALOG_COMPILER_APPICON_NAME = AppIcon;
				CODE_SIGN_STYLE = Automatic;
				DEVELOPMENT_TEAM = W38GMM7K83;
				INFOPLIST_FILE = "Clothing Tags/Info.plist";
				IPHONEOS_DEPLOYMENT_TARGET = 10.0;
				LD_RUNPATH_SEARCH_PATHS = (
					"$(inherited)",
					"@executable_path/Frameworks",
				);
				PRODUCT_BUNDLE_IDENTIFIER = "Alexey-Taran.Clothing-Tags";
				PRODUCT_NAME = "$(TARGET_NAME)";
				SWIFT_VERSION = 5.0;
				TARGETED_DEVICE_FAMILY = "1,2";
			};
			name = Debug;
		};
		CE39E86424BA95CD00060239 /* Release */ = {
			isa = XCBuildConfiguration;
			buildSettings = {
				ASSETCATALOG_COMPILER_APPICON_NAME = AppIcon;
				CODE_SIGN_STYLE = Automatic;
				DEVELOPMENT_TEAM = W38GMM7K83;
				INFOPLIST_FILE = "Clothing Tags/Info.plist";
				IPHONEOS_DEPLOYMENT_TARGET = 10.0;
				LD_RUNPATH_SEARCH_PATHS = (
					"$(inherited)",
					"@executable_path/Frameworks",
				);
				PRODUCT_BUNDLE_IDENTIFIER = "Alexey-Taran.Clothing-Tags";
				PRODUCT_NAME = "$(TARGET_NAME)";
				SWIFT_VERSION = 5.0;
				TARGETED_DEVICE_FAMILY = "1,2";
			};
			name = Release;
		};
		CE39E86624BA95CD00060239 /* Debug */ = {
			isa = XCBuildConfiguration;
			buildSettings = {
				ALWAYS_EMBED_SWIFT_STANDARD_LIBRARIES = YES;
				BUNDLE_LOADER = "$(TEST_HOST)";
				CODE_SIGN_STYLE = Automatic;
				DEVELOPMENT_TEAM = W38GMM7K83;
				INFOPLIST_FILE = "Clothing TagsTests/Info.plist";
				IPHONEOS_DEPLOYMENT_TARGET = 13.4;
				LD_RUNPATH_SEARCH_PATHS = (
					"$(inherited)",
					"@executable_path/Frameworks",
					"@loader_path/Frameworks",
				);
				PRODUCT_BUNDLE_IDENTIFIER = "Alexey-Taran.Clothing-TagsTests";
				PRODUCT_NAME = "$(TARGET_NAME)";
				SWIFT_VERSION = 5.0;
				TARGETED_DEVICE_FAMILY = "1,2";
				TEST_HOST = "$(BUILT_PRODUCTS_DIR)/Clothing Tags.app/Clothing Tags";
			};
			name = Debug;
		};
		CE39E86724BA95CD00060239 /* Release */ = {
			isa = XCBuildConfiguration;
			buildSettings = {
				ALWAYS_EMBED_SWIFT_STANDARD_LIBRARIES = YES;
				BUNDLE_LOADER = "$(TEST_HOST)";
				CODE_SIGN_STYLE = Automatic;
				DEVELOPMENT_TEAM = W38GMM7K83;
				INFOPLIST_FILE = "Clothing TagsTests/Info.plist";
				IPHONEOS_DEPLOYMENT_TARGET = 13.4;
				LD_RUNPATH_SEARCH_PATHS = (
					"$(inherited)",
					"@executable_path/Frameworks",
					"@loader_path/Frameworks",
				);
				PRODUCT_BUNDLE_IDENTIFIER = "Alexey-Taran.Clothing-TagsTests";
				PRODUCT_NAME = "$(TARGET_NAME)";
				SWIFT_VERSION = 5.0;
				TARGETED_DEVICE_FAMILY = "1,2";
				TEST_HOST = "$(BUILT_PRODUCTS_DIR)/Clothing Tags.app/Clothing Tags";
			};
			name = Release;
		};
/* End XCBuildConfiguration section */

/* Begin XCConfigurationList section */
		CE39E83B24BA95C400060239 /* Build configuration list for PBXProject "Clothing Tags" */ = {
			isa = XCConfigurationList;
			buildConfigurations = (
				CE39E86024BA95CD00060239 /* Debug */,
				CE39E86124BA95CD00060239 /* Release */,
			);
			defaultConfigurationIsVisible = 0;
			defaultConfigurationName = Release;
		};
		CE39E86224BA95CD00060239 /* Build configuration list for PBXNativeTarget "Clothing Tags" */ = {
			isa = XCConfigurationList;
			buildConfigurations = (
				CE39E86324BA95CD00060239 /* Debug */,
				CE39E86424BA95CD00060239 /* Release */,
			);
			defaultConfigurationIsVisible = 0;
			defaultConfigurationName = Release;
		};
		CE39E86524BA95CD00060239 /* Build configuration list for PBXNativeTarget "Clothing TagsTests" */ = {
			isa = XCConfigurationList;
			buildConfigurations = (
				CE39E86624BA95CD00060239 /* Debug */,
				CE39E86724BA95CD00060239 /* Release */,
			);
			defaultConfigurationIsVisible = 0;
			defaultConfigurationName = Release;
		};
/* End XCConfigurationList section */

/* Begin XCRemoteSwiftPackageReference section */
		CE89F10D24C2074E00A2ABBE /* XCRemoteSwiftPackageReference "RxSwift" */ = {
			isa = XCRemoteSwiftPackageReference;
			repositoryURL = "https://github.com/ReactiveX/RxSwift.git";
			requirement = {
				kind = upToNextMajorVersion;
				minimumVersion = 5.1.1;
			};
		};
/* End XCRemoteSwiftPackageReference section */

/* Begin XCSwiftPackageProductDependency section */
		CE89F10E24C2074E00A2ABBE /* RxSwift */ = {
			isa = XCSwiftPackageProductDependency;
			package = CE89F10D24C2074E00A2ABBE /* XCRemoteSwiftPackageReference "RxSwift" */;
			productName = RxSwift;
		};
		CE89F11024C2074E00A2ABBE /* RxCocoa */ = {
			isa = XCSwiftPackageProductDependency;
			package = CE89F10D24C2074E00A2ABBE /* XCRemoteSwiftPackageReference "RxSwift" */;
			productName = RxCocoa;
		};
/* End XCSwiftPackageProductDependency section */

/* Begin XCVersionGroup section */
		CE39E84C24BA95C400060239 /* Clothing_Tags.xcdatamodeld */ = {
			isa = XCVersionGroup;
			children = (
				CE39E84D24BA95C400060239 /* Clothing_Tags.xcdatamodel */,
			);
			currentVersion = CE39E84D24BA95C400060239 /* Clothing_Tags.xcdatamodel */;
			path = Clothing_Tags.xcdatamodeld;
			sourceTree = "<group>";
			versionGroupType = wrapper.xcdatamodel;
		};
/* End XCVersionGroup section */
	};
	rootObject = CE39E83824BA95C400060239 /* Project object */;
}
